// !$*UTF8*$!
{
	archiveVersion = 1;
	classes = {
	};
	objectVersion = 55;
	objects = {

/* Begin PBXBuildFile section */
		8B255A5528F0509F0059D085 /* CacheFeedUseCaseTests.swift in Sources */ = {isa = PBXBuildFile; fileRef = 8B255A5428F0509F0059D085 /* CacheFeedUseCaseTests.swift */; };
		8B255A5828F4324E0059D085 /* LocalFeedloader.swift in Sources */ = {isa = PBXBuildFile; fileRef = 8B255A5728F4324E0059D085 /* LocalFeedloader.swift */; };
		8B255A5A28F432E30059D085 /* FeedStore.swift in Sources */ = {isa = PBXBuildFile; fileRef = 8B255A5928F432E30059D085 /* FeedStore.swift */; };
		8B255A5C28F45F330059D085 /* RemoteFeedItem.swift in Sources */ = {isa = PBXBuildFile; fileRef = 8B255A5B28F45F330059D085 /* RemoteFeedItem.swift */; };
		8B255A5E28F45FBE0059D085 /* LocalFeedImage.swift in Sources */ = {isa = PBXBuildFile; fileRef = 8B255A5D28F45FBE0059D085 /* LocalFeedImage.swift */; };
		8B438EA528E4E36100862D62 /* HTTPClient.swift in Sources */ = {isa = PBXBuildFile; fileRef = 8B438EA428E4E36100862D62 /* HTTPClient.swift */; };
		8B438EA728E4E3D900862D62 /* FeedItemsMapper.swift in Sources */ = {isa = PBXBuildFile; fileRef = 8B438EA628E4E3D900862D62 /* FeedItemsMapper.swift */; };
		8B438EAA28E5C27C00862D62 /* URLSessionHTTPClientTests.swift in Sources */ = {isa = PBXBuildFile; fileRef = 8B438EA928E5C27C00862D62 /* URLSessionHTTPClientTests.swift */; };
		8B438EAD28E701B900862D62 /* XCTestCase+MemoryLeakTracking.swift in Sources */ = {isa = PBXBuildFile; fileRef = 8B438EAC28E701B900862D62 /* XCTestCase+MemoryLeakTracking.swift */; };
		8B438EAF28E7287400862D62 /* URLSessionHTTPClient.swift in Sources */ = {isa = PBXBuildFile; fileRef = 8B438EAE28E7287400862D62 /* URLSessionHTTPClient.swift */; };
		8B438EB728E72ECB00862D62 /* EssentialFeedAPIEndToEndTests.swift in Sources */ = {isa = PBXBuildFile; fileRef = 8B438EB628E72ECB00862D62 /* EssentialFeedAPIEndToEndTests.swift */; };
		8B438EB828E72ECB00862D62 /* EssentialFeed.framework in Frameworks */ = {isa = PBXBuildFile; fileRef = 8BF89B6228E3291C0017307F /* EssentialFeed.framework */; };
		8B438EBE28E7386A00862D62 /* XCTestCase+MemoryLeakTracking.swift in Sources */ = {isa = PBXBuildFile; fileRef = 8B438EAC28E701B900862D62 /* XCTestCase+MemoryLeakTracking.swift */; };
		8B4AAACA2915331100481073 /* UIImage+TestHelpers.swift in Sources */ = {isa = PBXBuildFile; fileRef = 8B4AAAC92915331100481073 /* UIImage+TestHelpers.swift */; };
		8B4AAACC2915338900481073 /* UIRefreshControl+TestHelpers.swift in Sources */ = {isa = PBXBuildFile; fileRef = 8B4AAACB2915338900481073 /* UIRefreshControl+TestHelpers.swift */; };
		8B4AAACE291533CF00481073 /* UIButton+TestHelpers.swift in Sources */ = {isa = PBXBuildFile; fileRef = 8B4AAACD291533CF00481073 /* UIButton+TestHelpers.swift */; };
		8B4AAAD02915343600481073 /* UIControl+TestHelpers.swift in Sources */ = {isa = PBXBuildFile; fileRef = 8B4AAACF2915343600481073 /* UIControl+TestHelpers.swift */; };
		8B4AAAD6291535AB00481073 /* FeedViewController+TestHelpers.swift in Sources */ = {isa = PBXBuildFile; fileRef = 8B4AAAD5291535AB00481073 /* FeedViewController+TestHelpers.swift */; };
		8B4AAAD82915360A00481073 /* FeedImageCell+TestHelpers.swift in Sources */ = {isa = PBXBuildFile; fileRef = 8B4AAAD72915360A00481073 /* FeedImageCell+TestHelpers.swift */; };
		8B4AAADA2915366B00481073 /* FeedViewControllerTests+LoaderSpy.swift in Sources */ = {isa = PBXBuildFile; fileRef = 8B4AAAD92915366B00481073 /* FeedViewControllerTests+LoaderSpy.swift */; };
		8B4AAADC291536D800481073 /* FeedViewControllerTests+Assertions.swift in Sources */ = {isa = PBXBuildFile; fileRef = 8B4AAADB291536D800481073 /* FeedViewControllerTests+Assertions.swift */; };
		8B4AAAE1291538CC00481073 /* FeedImageDataLoader.swift in Sources */ = {isa = PBXBuildFile; fileRef = 8B4AAAE0291538CC00481073 /* FeedImageDataLoader.swift */; };
		8B4AAAE529153BEC00481073 /* FeedImageCellController.swift in Sources */ = {isa = PBXBuildFile; fileRef = 8B4AAAE429153BEC00481073 /* FeedImageCellController.swift */; };
		8B4AAAE829153EE100481073 /* FeedUIComposer.swift in Sources */ = {isa = PBXBuildFile; fileRef = 8B4AAAE729153EE100481073 /* FeedUIComposer.swift */; };
		8B4AAAED291934DE00481073 /* FeedImageViewModel.swift in Sources */ = {isa = PBXBuildFile; fileRef = 8B4AAAEC291934DE00481073 /* FeedImageViewModel.swift */; };
		8B4AAAF0291BE5D300481073 /* FeedPresenter.swift in Sources */ = {isa = PBXBuildFile; fileRef = 8B4AAAEF291BE5D300481073 /* FeedPresenter.swift */; };
		8B4AAAF2291CFE3000481073 /* FeedImagePresenter.swift in Sources */ = {isa = PBXBuildFile; fileRef = 8B4AAAF1291CFE3000481073 /* FeedImagePresenter.swift */; };
		8B4AAAF4291D077B00481073 /* FeedViewModel.swift in Sources */ = {isa = PBXBuildFile; fileRef = 8B4AAAF3291D077B00481073 /* FeedViewModel.swift */; };
		8B4AAAF6291D078500481073 /* FeedLoadingViewModel.swift in Sources */ = {isa = PBXBuildFile; fileRef = 8B4AAAF5291D078500481073 /* FeedLoadingViewModel.swift */; };
		8B4AAAF8291DA11100481073 /* Feed.storyboard in Resources */ = {isa = PBXBuildFile; fileRef = 8B4AAAF7291DA11100481073 /* Feed.storyboard */; };
		8B4AAAFA291DA22E00481073 /* Feed.xcassets in Resources */ = {isa = PBXBuildFile; fileRef = 8B4AAAF9291DA22E00481073 /* Feed.xcassets */; };
		8B4AAAFC291DB1BD00481073 /* UITableView+Dequeueing.swift in Sources */ = {isa = PBXBuildFile; fileRef = 8B4AAAFB291DB1BD00481073 /* UITableView+Dequeueing.swift */; };
		8B4AAAFE291DB31E00481073 /* UIImageView+Animations.swift in Sources */ = {isa = PBXBuildFile; fileRef = 8B4AAAFD291DB31E00481073 /* UIImageView+Animations.swift */; };
		8B4AAB02291E726A00481073 /* FeedViewControllerTests+Localization.swift in Sources */ = {isa = PBXBuildFile; fileRef = 8B4AAB01291E726A00481073 /* FeedViewControllerTests+Localization.swift */; };
		8B4AAB03291E739B00481073 /* Feed.strings in Resources */ = {isa = PBXBuildFile; fileRef = 8B4AAB05291E739B00481073 /* Feed.strings */; };
		8B957A7F28FDAC8100ADBD3A /* LoadFeedFromCacheUseCaseTests.swift in Sources */ = {isa = PBXBuildFile; fileRef = 8B957A7E28FDAC8100ADBD3A /* LoadFeedFromCacheUseCaseTests.swift */; };
		8B957A8228FDADA300ADBD3A /* FeedStoreSpy.swift in Sources */ = {isa = PBXBuildFile; fileRef = 8B957A8128FDADA300ADBD3A /* FeedStoreSpy.swift */; };
		8B957A842901998200ADBD3A /* ValidateFeedCacheUseCaseTests.swift in Sources */ = {isa = PBXBuildFile; fileRef = 8B957A832901998200ADBD3A /* ValidateFeedCacheUseCaseTests.swift */; };
		8B957A8629019E5200ADBD3A /* FeedCacheTestHelpers.swift in Sources */ = {isa = PBXBuildFile; fileRef = 8B957A8529019E5200ADBD3A /* FeedCacheTestHelpers.swift */; };
		8B957A8829019F1B00ADBD3A /* SharedTestHelpers.swift in Sources */ = {isa = PBXBuildFile; fileRef = 8B957A8729019F1B00ADBD3A /* SharedTestHelpers.swift */; };
		8B957A8A2906969800ADBD3A /* FeedCachePolicy.swift in Sources */ = {isa = PBXBuildFile; fileRef = 8B957A892906969800ADBD3A /* FeedCachePolicy.swift */; };
		8BF5A02D29094A9800CBBDA2 /* FeedStoreSpecs.swift in Sources */ = {isa = PBXBuildFile; fileRef = 8BF5A02C29094A9800CBBDA2 /* FeedStoreSpecs.swift */; };
		8BF5A02F29094B4A00CBBDA2 /* XCTestCase+FeedStoreSpecs.swift in Sources */ = {isa = PBXBuildFile; fileRef = 8BF5A02E29094B4A00CBBDA2 /* XCTestCase+FeedStoreSpecs.swift */; };
		8BF5A03129094FC000CBBDA2 /* XCTestCase+FailableRetrieveFeedStoreSpecs.swift in Sources */ = {isa = PBXBuildFile; fileRef = 8BF5A03029094FC000CBBDA2 /* XCTestCase+FailableRetrieveFeedStoreSpecs.swift */; };
		8BF5A0332909505B00CBBDA2 /* XCTestCase+FailableInsertFeedStoreSpecs.swift in Sources */ = {isa = PBXBuildFile; fileRef = 8BF5A0322909505B00CBBDA2 /* XCTestCase+FailableInsertFeedStoreSpecs.swift */; };
		8BF5A035290950F900CBBDA2 /* XCTestCase+FailableDeleteFeedStoreSpecs.swift in Sources */ = {isa = PBXBuildFile; fileRef = 8BF5A034290950F900CBBDA2 /* XCTestCase+FailableDeleteFeedStoreSpecs.swift */; };
		8BF5A038290965E600CBBDA2 /* CoreDataFeedStoreTests.swift in Sources */ = {isa = PBXBuildFile; fileRef = 8BF5A037290965E600CBBDA2 /* CoreDataFeedStoreTests.swift */; };
		8BF5A03A2909665800CBBDA2 /* CoreDataFeedStore.swift in Sources */ = {isa = PBXBuildFile; fileRef = 8BF5A0392909665800CBBDA2 /* CoreDataFeedStore.swift */; };
		8BF5A03D290968A600CBBDA2 /* FeedStore.xcdatamodeld in Sources */ = {isa = PBXBuildFile; fileRef = 8BF5A03B290968A600CBBDA2 /* FeedStore.xcdatamodeld */; };
		8BF5A042290983BE00CBBDA2 /* CoreDataHelpers.swift in Sources */ = {isa = PBXBuildFile; fileRef = 8BF5A041290983BE00CBBDA2 /* CoreDataHelpers.swift */; };
		8BF5A0442909845B00CBBDA2 /* ManagedCache.swift in Sources */ = {isa = PBXBuildFile; fileRef = 8BF5A0432909845B00CBBDA2 /* ManagedCache.swift */; };
		8BF5A0462909846400CBBDA2 /* ManagedFeedImage.swift in Sources */ = {isa = PBXBuildFile; fileRef = 8BF5A0452909846400CBBDA2 /* ManagedFeedImage.swift */; };
		8BF5A04E290AB7AC00CBBDA2 /* EssentialFeedCacheIntegrationTests.swift in Sources */ = {isa = PBXBuildFile; fileRef = 8BF5A04D290AB7AC00CBBDA2 /* EssentialFeedCacheIntegrationTests.swift */; };
		8BF5A04F290AB7AC00CBBDA2 /* EssentialFeed.framework in Frameworks */ = {isa = PBXBuildFile; fileRef = 8BF89B6228E3291C0017307F /* EssentialFeed.framework */; };
		8BF5A055290ABAD200CBBDA2 /* XCTestCase+MemoryLeakTracking.swift in Sources */ = {isa = PBXBuildFile; fileRef = 8B438EAC28E701B900862D62 /* XCTestCase+MemoryLeakTracking.swift */; };
		8BF5A056290ABD9C00CBBDA2 /* FeedCacheTestHelpers.swift in Sources */ = {isa = PBXBuildFile; fileRef = 8B957A8529019E5200ADBD3A /* FeedCacheTestHelpers.swift */; };
		8BF5A057290ABDB200CBBDA2 /* SharedTestHelpers.swift in Sources */ = {isa = PBXBuildFile; fileRef = 8B957A8729019F1B00ADBD3A /* SharedTestHelpers.swift */; };
		8BF5A095291155D600CBBDA2 /* EssentialFeediOS.framework in Frameworks */ = {isa = PBXBuildFile; fileRef = 8BF5A08D291155D400CBBDA2 /* EssentialFeediOS.framework */; };
		8BF89B6728E3291C0017307F /* EssentialFeed.docc in Sources */ = {isa = PBXBuildFile; fileRef = 8BF89B6628E3291C0017307F /* EssentialFeed.docc */; };
		8BF89B6828E3291C0017307F /* EssentialFeed.h in Headers */ = {isa = PBXBuildFile; fileRef = 8BF89B6528E3291C0017307F /* EssentialFeed.h */; settings = {ATTRIBUTES = (Public, ); }; };
		8BF89B6F28E329A80017307F /* FeedImage.swift in Sources */ = {isa = PBXBuildFile; fileRef = 8BF89B6E28E329A80017307F /* FeedImage.swift */; };
		8BF89B7128E32A310017307F /* FeedLoader.swift in Sources */ = {isa = PBXBuildFile; fileRef = 8BF89B7028E32A310017307F /* FeedLoader.swift */; };
		8BF89B7B28E32B570017307F /* EssentialFeed.framework in Frameworks */ = {isa = PBXBuildFile; fileRef = 8BF89B6228E3291C0017307F /* EssentialFeed.framework */; };
		8BF89B8428E32CF40017307F /* RemoteFeedLoaderTests.swift in Sources */ = {isa = PBXBuildFile; fileRef = 8BF89B8328E32CF40017307F /* RemoteFeedLoaderTests.swift */; };
		8BF89B8728E42C060017307F /* RemoteFeedLoader.swift in Sources */ = {isa = PBXBuildFile; fileRef = 8BF89B8628E42C060017307F /* RemoteFeedLoader.swift */; };
		8BF96635291178BC00A604E4 /* FeedUIIntegrationTests.swift in Sources */ = {isa = PBXBuildFile; fileRef = 8BF96634291178BC00A604E4 /* FeedUIIntegrationTests.swift */; };
		8BF9663729117A9800A604E4 /* EssentialFeed.framework in Frameworks */ = {isa = PBXBuildFile; fileRef = 8BF89B6228E3291C0017307F /* EssentialFeed.framework */; platformFilter = ios; };
		8BF9663829117A9800A604E4 /* EssentialFeed.framework in Embed Frameworks */ = {isa = PBXBuildFile; fileRef = 8BF89B6228E3291C0017307F /* EssentialFeed.framework */; platformFilter = ios; settings = {ATTRIBUTES = (CodeSignOnCopy, RemoveHeadersOnCopy, ); }; };
		8BF9663C29117C0100A604E4 /* XCTestCase+MemoryLeakTracking.swift in Sources */ = {isa = PBXBuildFile; fileRef = 8B438EAC28E701B900862D62 /* XCTestCase+MemoryLeakTracking.swift */; };
		8BF9663E2912888800A604E4 /* FeedViewController.swift in Sources */ = {isa = PBXBuildFile; fileRef = 8BF9663D2912888800A604E4 /* FeedViewController.swift */; };
		8BF9664029129CE600A604E4 /* FeedImageCell.swift in Sources */ = {isa = PBXBuildFile; fileRef = 8BF9663F29129CE600A604E4 /* FeedImageCell.swift */; };
		8BF966422912B28A00A604E4 /* UIView+Shimmering.swift in Sources */ = {isa = PBXBuildFile; fileRef = 8BF966412912B28A00A604E4 /* UIView+Shimmering.swift */; };
/* End PBXBuildFile section */

/* Begin PBXContainerItemProxy section */
		8B438EB928E72ECB00862D62 /* PBXContainerItemProxy */ = {
			isa = PBXContainerItemProxy;
			containerPortal = 8BF89B5928E3291C0017307F /* Project object */;
			proxyType = 1;
			remoteGlobalIDString = 8BF89B6128E3291C0017307F;
			remoteInfo = EssentialFeed;
		};
		8BF5A050290AB7AC00CBBDA2 /* PBXContainerItemProxy */ = {
			isa = PBXContainerItemProxy;
			containerPortal = 8BF89B5928E3291C0017307F /* Project object */;
			proxyType = 1;
			remoteGlobalIDString = 8BF89B6128E3291C0017307F;
			remoteInfo = EssentialFeed;
		};
		8BF5A096291155D600CBBDA2 /* PBXContainerItemProxy */ = {
			isa = PBXContainerItemProxy;
			containerPortal = 8BF89B5928E3291C0017307F /* Project object */;
			proxyType = 1;
			remoteGlobalIDString = 8BF5A08C291155D400CBBDA2;
			remoteInfo = EssentialFeediOS;
		};
		8BF89B7C28E32B570017307F /* PBXContainerItemProxy */ = {
			isa = PBXContainerItemProxy;
			containerPortal = 8BF89B5928E3291C0017307F /* Project object */;
			proxyType = 1;
			remoteGlobalIDString = 8BF89B6128E3291C0017307F;
			remoteInfo = EssentialFeed;
		};
		8BF9663929117A9800A604E4 /* PBXContainerItemProxy */ = {
			isa = PBXContainerItemProxy;
			containerPortal = 8BF89B5928E3291C0017307F /* Project object */;
			proxyType = 1;
			remoteGlobalIDString = 8BF89B6128E3291C0017307F;
			remoteInfo = EssentialFeed;
		};
/* End PBXContainerItemProxy section */

/* Begin PBXCopyFilesBuildPhase section */
		8BF9663B29117A9800A604E4 /* Embed Frameworks */ = {
			isa = PBXCopyFilesBuildPhase;
			buildActionMask = 2147483647;
			dstPath = "";
			dstSubfolderSpec = 10;
			files = (
				8BF9663829117A9800A604E4 /* EssentialFeed.framework in Embed Frameworks */,
			);
			name = "Embed Frameworks";
			runOnlyForDeploymentPostprocessing = 0;
		};
/* End PBXCopyFilesBuildPhase section */

/* Begin PBXFileReference section */
		8B255A5428F0509F0059D085 /* CacheFeedUseCaseTests.swift */ = {isa = PBXFileReference; lastKnownFileType = sourcecode.swift; path = CacheFeedUseCaseTests.swift; sourceTree = "<group>"; };
		8B255A5728F4324E0059D085 /* LocalFeedloader.swift */ = {isa = PBXFileReference; lastKnownFileType = sourcecode.swift; path = LocalFeedloader.swift; sourceTree = "<group>"; };
		8B255A5928F432E30059D085 /* FeedStore.swift */ = {isa = PBXFileReference; lastKnownFileType = sourcecode.swift; path = FeedStore.swift; sourceTree = "<group>"; };
		8B255A5B28F45F330059D085 /* RemoteFeedItem.swift */ = {isa = PBXFileReference; lastKnownFileType = sourcecode.swift; path = RemoteFeedItem.swift; sourceTree = "<group>"; };
		8B255A5D28F45FBE0059D085 /* LocalFeedImage.swift */ = {isa = PBXFileReference; lastKnownFileType = sourcecode.swift; path = LocalFeedImage.swift; sourceTree = "<group>"; };
		8B438EA428E4E36100862D62 /* HTTPClient.swift */ = {isa = PBXFileReference; lastKnownFileType = sourcecode.swift; path = HTTPClient.swift; sourceTree = "<group>"; };
		8B438EA628E4E3D900862D62 /* FeedItemsMapper.swift */ = {isa = PBXFileReference; lastKnownFileType = sourcecode.swift; path = FeedItemsMapper.swift; sourceTree = "<group>"; };
		8B438EA928E5C27C00862D62 /* URLSessionHTTPClientTests.swift */ = {isa = PBXFileReference; lastKnownFileType = sourcecode.swift; path = URLSessionHTTPClientTests.swift; sourceTree = "<group>"; };
		8B438EAC28E701B900862D62 /* XCTestCase+MemoryLeakTracking.swift */ = {isa = PBXFileReference; lastKnownFileType = sourcecode.swift; path = "XCTestCase+MemoryLeakTracking.swift"; sourceTree = "<group>"; };
		8B438EAE28E7287400862D62 /* URLSessionHTTPClient.swift */ = {isa = PBXFileReference; lastKnownFileType = sourcecode.swift; path = URLSessionHTTPClient.swift; sourceTree = "<group>"; };
		8B438EB428E72ECB00862D62 /* EssentialFeedAPIEndToEndTests.xctest */ = {isa = PBXFileReference; explicitFileType = wrapper.cfbundle; includeInIndex = 0; path = EssentialFeedAPIEndToEndTests.xctest; sourceTree = BUILT_PRODUCTS_DIR; };
		8B438EB628E72ECB00862D62 /* EssentialFeedAPIEndToEndTests.swift */ = {isa = PBXFileReference; lastKnownFileType = sourcecode.swift; path = EssentialFeedAPIEndToEndTests.swift; sourceTree = "<group>"; };
		8B4AAAC92915331100481073 /* UIImage+TestHelpers.swift */ = {isa = PBXFileReference; lastKnownFileType = sourcecode.swift; path = "UIImage+TestHelpers.swift"; sourceTree = "<group>"; };
		8B4AAACB2915338900481073 /* UIRefreshControl+TestHelpers.swift */ = {isa = PBXFileReference; lastKnownFileType = sourcecode.swift; path = "UIRefreshControl+TestHelpers.swift"; sourceTree = "<group>"; };
		8B4AAACD291533CF00481073 /* UIButton+TestHelpers.swift */ = {isa = PBXFileReference; lastKnownFileType = sourcecode.swift; path = "UIButton+TestHelpers.swift"; sourceTree = "<group>"; };
		8B4AAACF2915343600481073 /* UIControl+TestHelpers.swift */ = {isa = PBXFileReference; lastKnownFileType = sourcecode.swift; path = "UIControl+TestHelpers.swift"; sourceTree = "<group>"; };
		8B4AAAD5291535AB00481073 /* FeedViewController+TestHelpers.swift */ = {isa = PBXFileReference; lastKnownFileType = sourcecode.swift; path = "FeedViewController+TestHelpers.swift"; sourceTree = "<group>"; };
		8B4AAAD72915360A00481073 /* FeedImageCell+TestHelpers.swift */ = {isa = PBXFileReference; lastKnownFileType = sourcecode.swift; path = "FeedImageCell+TestHelpers.swift"; sourceTree = "<group>"; };
		8B4AAAD92915366B00481073 /* FeedViewControllerTests+LoaderSpy.swift */ = {isa = PBXFileReference; lastKnownFileType = sourcecode.swift; path = "FeedViewControllerTests+LoaderSpy.swift"; sourceTree = "<group>"; };
		8B4AAADB291536D800481073 /* FeedViewControllerTests+Assertions.swift */ = {isa = PBXFileReference; lastKnownFileType = sourcecode.swift; path = "FeedViewControllerTests+Assertions.swift"; sourceTree = "<group>"; };
		8B4AAAE0291538CC00481073 /* FeedImageDataLoader.swift */ = {isa = PBXFileReference; lastKnownFileType = sourcecode.swift; path = FeedImageDataLoader.swift; sourceTree = "<group>"; };
		8B4AAAE429153BEC00481073 /* FeedImageCellController.swift */ = {isa = PBXFileReference; lastKnownFileType = sourcecode.swift; path = FeedImageCellController.swift; sourceTree = "<group>"; };
		8B4AAAE729153EE100481073 /* FeedUIComposer.swift */ = {isa = PBXFileReference; lastKnownFileType = sourcecode.swift; path = FeedUIComposer.swift; sourceTree = "<group>"; };
		8B4AAAEC291934DE00481073 /* FeedImageViewModel.swift */ = {isa = PBXFileReference; lastKnownFileType = sourcecode.swift; path = FeedImageViewModel.swift; sourceTree = "<group>"; };
		8B4AAAEF291BE5D300481073 /* FeedPresenter.swift */ = {isa = PBXFileReference; lastKnownFileType = sourcecode.swift; path = FeedPresenter.swift; sourceTree = "<group>"; };
		8B4AAAF1291CFE3000481073 /* FeedImagePresenter.swift */ = {isa = PBXFileReference; lastKnownFileType = sourcecode.swift; path = FeedImagePresenter.swift; sourceTree = "<group>"; };
		8B4AAAF3291D077B00481073 /* FeedViewModel.swift */ = {isa = PBXFileReference; lastKnownFileType = sourcecode.swift; path = FeedViewModel.swift; sourceTree = "<group>"; };
		8B4AAAF5291D078500481073 /* FeedLoadingViewModel.swift */ = {isa = PBXFileReference; lastKnownFileType = sourcecode.swift; path = FeedLoadingViewModel.swift; sourceTree = "<group>"; };
		8B4AAAF7291DA11100481073 /* Feed.storyboard */ = {isa = PBXFileReference; lastKnownFileType = file.storyboard; path = Feed.storyboard; sourceTree = "<group>"; };
		8B4AAAF9291DA22E00481073 /* Feed.xcassets */ = {isa = PBXFileReference; lastKnownFileType = folder.assetcatalog; path = Feed.xcassets; sourceTree = "<group>"; };
		8B4AAAFB291DB1BD00481073 /* UITableView+Dequeueing.swift */ = {isa = PBXFileReference; lastKnownFileType = sourcecode.swift; path = "UITableView+Dequeueing.swift"; sourceTree = "<group>"; };
		8B4AAAFD291DB31E00481073 /* UIImageView+Animations.swift */ = {isa = PBXFileReference; lastKnownFileType = sourcecode.swift; path = "UIImageView+Animations.swift"; sourceTree = "<group>"; };
		8B4AAB01291E726A00481073 /* FeedViewControllerTests+Localization.swift */ = {isa = PBXFileReference; lastKnownFileType = sourcecode.swift; path = "FeedViewControllerTests+Localization.swift"; sourceTree = "<group>"; };
		8B4AAB04291E739B00481073 /* en */ = {isa = PBXFileReference; lastKnownFileType = text.plist.strings; name = en; path = en.lproj/Feed.strings; sourceTree = "<group>"; };
		8B4AAB06291E73E200481073 /* pt-BR */ = {isa = PBXFileReference; lastKnownFileType = text.plist.strings; name = "pt-BR"; path = "pt-BR.lproj/Feed.strings"; sourceTree = "<group>"; };
		8B4AAB07291E744900481073 /* el */ = {isa = PBXFileReference; lastKnownFileType = text.plist.strings; name = el; path = el.lproj/Feed.strings; sourceTree = "<group>"; };
		8B957A7E28FDAC8100ADBD3A /* LoadFeedFromCacheUseCaseTests.swift */ = {isa = PBXFileReference; lastKnownFileType = sourcecode.swift; path = LoadFeedFromCacheUseCaseTests.swift; sourceTree = "<group>"; };
		8B957A8128FDADA300ADBD3A /* FeedStoreSpy.swift */ = {isa = PBXFileReference; lastKnownFileType = sourcecode.swift; path = FeedStoreSpy.swift; sourceTree = "<group>"; };
		8B957A832901998200ADBD3A /* ValidateFeedCacheUseCaseTests.swift */ = {isa = PBXFileReference; lastKnownFileType = sourcecode.swift; path = ValidateFeedCacheUseCaseTests.swift; sourceTree = "<group>"; };
		8B957A8529019E5200ADBD3A /* FeedCacheTestHelpers.swift */ = {isa = PBXFileReference; lastKnownFileType = sourcecode.swift; path = FeedCacheTestHelpers.swift; sourceTree = "<group>"; };
		8B957A8729019F1B00ADBD3A /* SharedTestHelpers.swift */ = {isa = PBXFileReference; lastKnownFileType = sourcecode.swift; path = SharedTestHelpers.swift; sourceTree = "<group>"; };
		8B957A892906969800ADBD3A /* FeedCachePolicy.swift */ = {isa = PBXFileReference; lastKnownFileType = sourcecode.swift; path = FeedCachePolicy.swift; sourceTree = "<group>"; };
		8BF5A02C29094A9800CBBDA2 /* FeedStoreSpecs.swift */ = {isa = PBXFileReference; lastKnownFileType = sourcecode.swift; path = FeedStoreSpecs.swift; sourceTree = "<group>"; };
		8BF5A02E29094B4A00CBBDA2 /* XCTestCase+FeedStoreSpecs.swift */ = {isa = PBXFileReference; lastKnownFileType = sourcecode.swift; path = "XCTestCase+FeedStoreSpecs.swift"; sourceTree = "<group>"; };
		8BF5A03029094FC000CBBDA2 /* XCTestCase+FailableRetrieveFeedStoreSpecs.swift */ = {isa = PBXFileReference; lastKnownFileType = sourcecode.swift; path = "XCTestCase+FailableRetrieveFeedStoreSpecs.swift"; sourceTree = "<group>"; };
		8BF5A0322909505B00CBBDA2 /* XCTestCase+FailableInsertFeedStoreSpecs.swift */ = {isa = PBXFileReference; lastKnownFileType = sourcecode.swift; path = "XCTestCase+FailableInsertFeedStoreSpecs.swift"; sourceTree = "<group>"; };
		8BF5A034290950F900CBBDA2 /* XCTestCase+FailableDeleteFeedStoreSpecs.swift */ = {isa = PBXFileReference; lastKnownFileType = sourcecode.swift; path = "XCTestCase+FailableDeleteFeedStoreSpecs.swift"; sourceTree = "<group>"; };
		8BF5A037290965E600CBBDA2 /* CoreDataFeedStoreTests.swift */ = {isa = PBXFileReference; lastKnownFileType = sourcecode.swift; path = CoreDataFeedStoreTests.swift; sourceTree = "<group>"; };
		8BF5A0392909665800CBBDA2 /* CoreDataFeedStore.swift */ = {isa = PBXFileReference; lastKnownFileType = sourcecode.swift; path = CoreDataFeedStore.swift; sourceTree = "<group>"; };
		8BF5A03C290968A600CBBDA2 /* FeedStore.xcdatamodel */ = {isa = PBXFileReference; lastKnownFileType = wrapper.xcdatamodel; path = FeedStore.xcdatamodel; sourceTree = "<group>"; };
		8BF5A041290983BE00CBBDA2 /* CoreDataHelpers.swift */ = {isa = PBXFileReference; lastKnownFileType = sourcecode.swift; path = CoreDataHelpers.swift; sourceTree = "<group>"; };
		8BF5A0432909845B00CBBDA2 /* ManagedCache.swift */ = {isa = PBXFileReference; lastKnownFileType = sourcecode.swift; path = ManagedCache.swift; sourceTree = "<group>"; };
		8BF5A0452909846400CBBDA2 /* ManagedFeedImage.swift */ = {isa = PBXFileReference; lastKnownFileType = sourcecode.swift; path = ManagedFeedImage.swift; sourceTree = "<group>"; };
		8BF5A04B290AB7AC00CBBDA2 /* EssentialFeedCacheIntegrationTests.xctest */ = {isa = PBXFileReference; explicitFileType = wrapper.cfbundle; includeInIndex = 0; path = EssentialFeedCacheIntegrationTests.xctest; sourceTree = BUILT_PRODUCTS_DIR; };
		8BF5A04D290AB7AC00CBBDA2 /* EssentialFeedCacheIntegrationTests.swift */ = {isa = PBXFileReference; lastKnownFileType = sourcecode.swift; path = EssentialFeedCacheIntegrationTests.swift; sourceTree = "<group>"; };
		8BF5A08D291155D400CBBDA2 /* EssentialFeediOS.framework */ = {isa = PBXFileReference; explicitFileType = wrapper.framework; includeInIndex = 0; path = EssentialFeediOS.framework; sourceTree = BUILT_PRODUCTS_DIR; };
		8BF5A094291155D500CBBDA2 /* EssentialFeediOSTests.xctest */ = {isa = PBXFileReference; explicitFileType = wrapper.cfbundle; includeInIndex = 0; path = EssentialFeediOSTests.xctest; sourceTree = BUILT_PRODUCTS_DIR; };
		8BF89B6228E3291C0017307F /* EssentialFeed.framework */ = {isa = PBXFileReference; explicitFileType = wrapper.framework; includeInIndex = 0; path = EssentialFeed.framework; sourceTree = BUILT_PRODUCTS_DIR; };
		8BF89B6528E3291C0017307F /* EssentialFeed.h */ = {isa = PBXFileReference; lastKnownFileType = sourcecode.c.h; path = EssentialFeed.h; sourceTree = "<group>"; };
		8BF89B6628E3291C0017307F /* EssentialFeed.docc */ = {isa = PBXFileReference; lastKnownFileType = folder.documentationcatalog; path = EssentialFeed.docc; sourceTree = "<group>"; };
		8BF89B6E28E329A80017307F /* FeedImage.swift */ = {isa = PBXFileReference; lastKnownFileType = sourcecode.swift; path = FeedImage.swift; sourceTree = "<group>"; };
		8BF89B7028E32A310017307F /* FeedLoader.swift */ = {isa = PBXFileReference; lastKnownFileType = sourcecode.swift; path = FeedLoader.swift; sourceTree = "<group>"; };
		8BF89B7728E32B570017307F /* EssentialFeedTests.xctest */ = {isa = PBXFileReference; explicitFileType = wrapper.cfbundle; includeInIndex = 0; path = EssentialFeedTests.xctest; sourceTree = BUILT_PRODUCTS_DIR; };
		8BF89B8328E32CF40017307F /* RemoteFeedLoaderTests.swift */ = {isa = PBXFileReference; lastKnownFileType = sourcecode.swift; path = RemoteFeedLoaderTests.swift; sourceTree = "<group>"; };
		8BF89B8628E42C060017307F /* RemoteFeedLoader.swift */ = {isa = PBXFileReference; lastKnownFileType = sourcecode.swift; path = RemoteFeedLoader.swift; sourceTree = "<group>"; };
		8BF96634291178BC00A604E4 /* FeedUIIntegrationTests.swift */ = {isa = PBXFileReference; lastKnownFileType = sourcecode.swift; path = FeedUIIntegrationTests.swift; sourceTree = "<group>"; };
		8BF9663D2912888800A604E4 /* FeedViewController.swift */ = {isa = PBXFileReference; lastKnownFileType = sourcecode.swift; path = FeedViewController.swift; sourceTree = "<group>"; };
		8BF9663F29129CE600A604E4 /* FeedImageCell.swift */ = {isa = PBXFileReference; lastKnownFileType = sourcecode.swift; path = FeedImageCell.swift; sourceTree = "<group>"; };
		8BF966412912B28A00A604E4 /* UIView+Shimmering.swift */ = {isa = PBXFileReference; lastKnownFileType = sourcecode.swift; path = "UIView+Shimmering.swift"; sourceTree = "<group>"; };
/* End PBXFileReference section */

/* Begin PBXFrameworksBuildPhase section */
		8B438EB128E72ECB00862D62 /* Frameworks */ = {
			isa = PBXFrameworksBuildPhase;
			buildActionMask = 2147483647;
			files = (
				8B438EB828E72ECB00862D62 /* EssentialFeed.framework in Frameworks */,
			);
			runOnlyForDeploymentPostprocessing = 0;
		};
		8BF5A048290AB7AC00CBBDA2 /* Frameworks */ = {
			isa = PBXFrameworksBuildPhase;
			buildActionMask = 2147483647;
			files = (
				8BF5A04F290AB7AC00CBBDA2 /* EssentialFeed.framework in Frameworks */,
			);
			runOnlyForDeploymentPostprocessing = 0;
		};
		8BF5A08A291155D400CBBDA2 /* Frameworks */ = {
			isa = PBXFrameworksBuildPhase;
			buildActionMask = 2147483647;
			files = (
				8BF9663729117A9800A604E4 /* EssentialFeed.framework in Frameworks */,
			);
			runOnlyForDeploymentPostprocessing = 0;
		};
		8BF5A091291155D500CBBDA2 /* Frameworks */ = {
			isa = PBXFrameworksBuildPhase;
			buildActionMask = 2147483647;
			files = (
				8BF5A095291155D600CBBDA2 /* EssentialFeediOS.framework in Frameworks */,
			);
			runOnlyForDeploymentPostprocessing = 0;
		};
		8BF89B5F28E3291C0017307F /* Frameworks */ = {
			isa = PBXFrameworksBuildPhase;
			buildActionMask = 2147483647;
			files = (
			);
			runOnlyForDeploymentPostprocessing = 0;
		};
		8BF89B7428E32B570017307F /* Frameworks */ = {
			isa = PBXFrameworksBuildPhase;
			buildActionMask = 2147483647;
			files = (
				8BF89B7B28E32B570017307F /* EssentialFeed.framework in Frameworks */,
			);
			runOnlyForDeploymentPostprocessing = 0;
		};
/* End PBXFrameworksBuildPhase section */

/* Begin PBXGroup section */
		8B255A5328F050700059D085 /* Feed Cache */ = {
			isa = PBXGroup;
			children = (
				8B957A8028FDAD8C00ADBD3A /* Helpers */,
				8BF5A0362909517800CBBDA2 /* FeedStoreSpecs */,
				8B255A5428F0509F0059D085 /* CacheFeedUseCaseTests.swift */,
				8B957A7E28FDAC8100ADBD3A /* LoadFeedFromCacheUseCaseTests.swift */,
				8B957A832901998200ADBD3A /* ValidateFeedCacheUseCaseTests.swift */,
				8BF5A037290965E600CBBDA2 /* CoreDataFeedStoreTests.swift */,
			);
			path = "Feed Cache";
			sourceTree = "<group>";
		};
		8B255A5628F4323A0059D085 /* Feed Cache */ = {
			isa = PBXGroup;
			children = (
				8BF5A03F2909828B00CBBDA2 /* Infrastructure */,
				8B255A5728F4324E0059D085 /* LocalFeedloader.swift */,
				8B255A5928F432E30059D085 /* FeedStore.swift */,
				8B255A5D28F45FBE0059D085 /* LocalFeedImage.swift */,
				8B957A892906969800ADBD3A /* FeedCachePolicy.swift */,
			);
			path = "Feed Cache";
			sourceTree = "<group>";
		};
		8B438EA828E4ECFA00862D62 /* Feed API */ = {
			isa = PBXGroup;
			children = (
				8BF89B8328E32CF40017307F /* RemoteFeedLoaderTests.swift */,
				8B438EA928E5C27C00862D62 /* URLSessionHTTPClientTests.swift */,
			);
			path = "Feed API";
			sourceTree = "<group>";
		};
		8B438EAB28E7019300862D62 /* Helpers */ = {
			isa = PBXGroup;
			children = (
				8B438EAC28E701B900862D62 /* XCTestCase+MemoryLeakTracking.swift */,
				8B957A8729019F1B00ADBD3A /* SharedTestHelpers.swift */,
			);
			path = Helpers;
			sourceTree = "<group>";
		};
		8B438EB528E72ECB00862D62 /* EssentialFeedAPIEndToEndTests */ = {
			isa = PBXGroup;
			children = (
				8B438EB628E72ECB00862D62 /* EssentialFeedAPIEndToEndTests.swift */,
			);
			path = EssentialFeedAPIEndToEndTests;
			sourceTree = "<group>";
		};
		8B4AAAD12915351300481073 /* Controllers */ = {
			isa = PBXGroup;
			children = (
				8BF9663D2912888800A604E4 /* FeedViewController.swift */,
				8B4AAAE429153BEC00481073 /* FeedImageCellController.swift */,
			);
			path = Controllers;
			sourceTree = "<group>";
		};
		8B4AAAD22915352200481073 /* Views */ = {
			isa = PBXGroup;
			children = (
				8BF9663F29129CE600A604E4 /* FeedImageCell.swift */,
				8BF966412912B28A00A604E4 /* UIView+Shimmering.swift */,
				8B4AAAFB291DB1BD00481073 /* UITableView+Dequeueing.swift */,
				8B4AAAFD291DB31E00481073 /* UIImageView+Animations.swift */,
				8B4AAAF7291DA11100481073 /* Feed.storyboard */,
				8B4AAAF9291DA22E00481073 /* Feed.xcassets */,
			);
			path = Views;
			sourceTree = "<group>";
		};
		8B4AAAD42915359800481073 /* Helpers */ = {
			isa = PBXGroup;
			children = (
				8B4AAAC92915331100481073 /* UIImage+TestHelpers.swift */,
				8B4AAACB2915338900481073 /* UIRefreshControl+TestHelpers.swift */,
				8B4AAACD291533CF00481073 /* UIButton+TestHelpers.swift */,
				8B4AAACF2915343600481073 /* UIControl+TestHelpers.swift */,
				8B4AAAD5291535AB00481073 /* FeedViewController+TestHelpers.swift */,
				8B4AAAD72915360A00481073 /* FeedImageCell+TestHelpers.swift */,
				8B4AAAD92915366B00481073 /* FeedViewControllerTests+LoaderSpy.swift */,
				8B4AAADB291536D800481073 /* FeedViewControllerTests+Assertions.swift */,
				8B4AAB01291E726A00481073 /* FeedViewControllerTests+Localization.swift */,
			);
			path = Helpers;
			sourceTree = "<group>";
		};
		8B4AAADD291537A200481073 /* Feed UI */ = {
			isa = PBXGroup;
			children = (
				8B4AAAE629153ECC00481073 /* Composers */,
				8B4AAAD12915351300481073 /* Controllers */,
				8B4AAAD22915352200481073 /* Views */,
			);
			path = "Feed UI";
			sourceTree = "<group>";
		};
		8B4AAADE291537E400481073 /* Feed UI */ = {
			isa = PBXGroup;
			children = (
				8B4AAAD42915359800481073 /* Helpers */,
				8BF96634291178BC00A604E4 /* FeedUIIntegrationTests.swift */,
			);
			path = "Feed UI";
			sourceTree = "<group>";
		};
		8B4AAADF291538B200481073 /* Feed Image Loader */ = {
			isa = PBXGroup;
			children = (
				8B4AAAE0291538CC00481073 /* FeedImageDataLoader.swift */,
			);
			path = "Feed Image Loader";
			sourceTree = "<group>";
		};
		8B4AAAE629153ECC00481073 /* Composers */ = {
			isa = PBXGroup;
			children = (
				8B4AAAE729153EE100481073 /* FeedUIComposer.swift */,
			);
			path = Composers;
			sourceTree = "<group>";
		};
		8B4AAAE929192D4D00481073 /* Feed Presentation */ = {
			isa = PBXGroup;
			children = (
				8B4AAAEF291BE5D300481073 /* FeedPresenter.swift */,
				8B4AAAF3291D077B00481073 /* FeedViewModel.swift */,
				8B4AAAF5291D078500481073 /* FeedLoadingViewModel.swift */,
				8B4AAAF1291CFE3000481073 /* FeedImagePresenter.swift */,
				8B4AAAEC291934DE00481073 /* FeedImageViewModel.swift */,
				8B4AAB05291E739B00481073 /* Feed.strings */,
			);
			path = "Feed Presentation";
			sourceTree = "<group>";
		};
		8B957A8028FDAD8C00ADBD3A /* Helpers */ = {
			isa = PBXGroup;
			children = (
				8B957A8128FDADA300ADBD3A /* FeedStoreSpy.swift */,
				8B957A8529019E5200ADBD3A /* FeedCacheTestHelpers.swift */,
			);
			path = Helpers;
			sourceTree = "<group>";
		};
		8BF5A0362909517800CBBDA2 /* FeedStoreSpecs */ = {
			isa = PBXGroup;
			children = (
				8BF5A02C29094A9800CBBDA2 /* FeedStoreSpecs.swift */,
				8BF5A02E29094B4A00CBBDA2 /* XCTestCase+FeedStoreSpecs.swift */,
				8BF5A03029094FC000CBBDA2 /* XCTestCase+FailableRetrieveFeedStoreSpecs.swift */,
				8BF5A0322909505B00CBBDA2 /* XCTestCase+FailableInsertFeedStoreSpecs.swift */,
				8BF5A034290950F900CBBDA2 /* XCTestCase+FailableDeleteFeedStoreSpecs.swift */,
			);
			path = FeedStoreSpecs;
			sourceTree = "<group>";
		};
		8BF5A03E2909827700CBBDA2 /* CoreData */ = {
			isa = PBXGroup;
			children = (
				8BF5A0392909665800CBBDA2 /* CoreDataFeedStore.swift */,
				8BF5A041290983BE00CBBDA2 /* CoreDataHelpers.swift */,
				8BF5A0432909845B00CBBDA2 /* ManagedCache.swift */,
				8BF5A0452909846400CBBDA2 /* ManagedFeedImage.swift */,
				8BF5A03B290968A600CBBDA2 /* FeedStore.xcdatamodeld */,
			);
			path = CoreData;
			sourceTree = "<group>";
		};
		8BF5A03F2909828B00CBBDA2 /* Infrastructure */ = {
			isa = PBXGroup;
			children = (
				8BF5A03E2909827700CBBDA2 /* CoreData */,
			);
			path = Infrastructure;
			sourceTree = "<group>";
		};
		8BF5A04C290AB7AC00CBBDA2 /* EssentialFeedCacheIntegrationTests */ = {
			isa = PBXGroup;
			children = (
				8BF5A04D290AB7AC00CBBDA2 /* EssentialFeedCacheIntegrationTests.swift */,
			);
			path = EssentialFeedCacheIntegrationTests;
			sourceTree = "<group>";
		};
		8BF5A08E291155D500CBBDA2 /* EssentialFeediOS */ = {
			isa = PBXGroup;
			children = (
				8B4AAADF291538B200481073 /* Feed Image Loader */,
				8B4AAAE929192D4D00481073 /* Feed Presentation */,
				8B4AAADD291537A200481073 /* Feed UI */,
			);
			path = EssentialFeediOS;
			sourceTree = "<group>";
		};
		8BF5A098291155D600CBBDA2 /* EssentialFeediOSTests */ = {
			isa = PBXGroup;
			children = (
				8B4AAADE291537E400481073 /* Feed UI */,
			);
			path = EssentialFeediOSTests;
			sourceTree = "<group>";
		};
		8BF89B5828E3291C0017307F = {
			isa = PBXGroup;
			children = (
				8BF89B6428E3291C0017307F /* EssentialFeed */,
				8BF89B7828E32B570017307F /* EssentialFeedTests */,
				8B438EB528E72ECB00862D62 /* EssentialFeedAPIEndToEndTests */,
				8BF5A04C290AB7AC00CBBDA2 /* EssentialFeedCacheIntegrationTests */,
				8BF5A08E291155D500CBBDA2 /* EssentialFeediOS */,
				8BF5A098291155D600CBBDA2 /* EssentialFeediOSTests */,
				8BF89B6328E3291C0017307F /* Products */,
				8BF9663629117A9800A604E4 /* Frameworks */,
			);
			sourceTree = "<group>";
		};
		8BF89B6328E3291C0017307F /* Products */ = {
			isa = PBXGroup;
			children = (
				8BF89B6228E3291C0017307F /* EssentialFeed.framework */,
				8BF89B7728E32B570017307F /* EssentialFeedTests.xctest */,
				8B438EB428E72ECB00862D62 /* EssentialFeedAPIEndToEndTests.xctest */,
				8BF5A04B290AB7AC00CBBDA2 /* EssentialFeedCacheIntegrationTests.xctest */,
				8BF5A08D291155D400CBBDA2 /* EssentialFeediOS.framework */,
				8BF5A094291155D500CBBDA2 /* EssentialFeediOSTests.xctest */,
			);
			name = Products;
			sourceTree = "<group>";
		};
		8BF89B6428E3291C0017307F /* EssentialFeed */ = {
			isa = PBXGroup;
			children = (
				8B255A5628F4323A0059D085 /* Feed Cache */,
				8BF89B7228E32B030017307F /* FeedFeature */,
				8BF89B8528E42BD30017307F /* Feed API */,
				8BF89B6528E3291C0017307F /* EssentialFeed.h */,
				8BF89B6628E3291C0017307F /* EssentialFeed.docc */,
			);
			path = EssentialFeed;
			sourceTree = "<group>";
		};
		8BF89B7228E32B030017307F /* FeedFeature */ = {
			isa = PBXGroup;
			children = (
				8BF89B6E28E329A80017307F /* FeedImage.swift */,
				8BF89B7028E32A310017307F /* FeedLoader.swift */,
			);
			path = FeedFeature;
			sourceTree = "<group>";
		};
		8BF89B7828E32B570017307F /* EssentialFeedTests */ = {
			isa = PBXGroup;
			children = (
				8B438EAB28E7019300862D62 /* Helpers */,
				8B255A5328F050700059D085 /* Feed Cache */,
				8B438EA828E4ECFA00862D62 /* Feed API */,
			);
			path = EssentialFeedTests;
			sourceTree = "<group>";
		};
		8BF89B8528E42BD30017307F /* Feed API */ = {
			isa = PBXGroup;
			children = (
				8BF89B8628E42C060017307F /* RemoteFeedLoader.swift */,
				8B438EA628E4E3D900862D62 /* FeedItemsMapper.swift */,
				8B255A5B28F45F330059D085 /* RemoteFeedItem.swift */,
				8B438EA428E4E36100862D62 /* HTTPClient.swift */,
				8B438EAE28E7287400862D62 /* URLSessionHTTPClient.swift */,
			);
			path = "Feed API";
			sourceTree = "<group>";
		};
		8BF9663629117A9800A604E4 /* Frameworks */ = {
			isa = PBXGroup;
			children = (
			);
			name = Frameworks;
			sourceTree = "<group>";
		};
/* End PBXGroup section */

/* Begin PBXHeadersBuildPhase section */
		8BF5A088291155D400CBBDA2 /* Headers */ = {
			isa = PBXHeadersBuildPhase;
			buildActionMask = 2147483647;
			files = (
			);
			runOnlyForDeploymentPostprocessing = 0;
		};
		8BF89B5D28E3291C0017307F /* Headers */ = {
			isa = PBXHeadersBuildPhase;
			buildActionMask = 2147483647;
			files = (
				8BF89B6828E3291C0017307F /* EssentialFeed.h in Headers */,
			);
			runOnlyForDeploymentPostprocessing = 0;
		};
		8BF966332911786F00A604E4 /* Headers */ = {
			isa = PBXHeadersBuildPhase;
			buildActionMask = 2147483647;
			files = (
			);
			runOnlyForDeploymentPostprocessing = 0;
		};
/* End PBXHeadersBuildPhase section */

/* Begin PBXNativeTarget section */
		8B438EB328E72ECB00862D62 /* EssentialFeedAPIEndToEndTests */ = {
			isa = PBXNativeTarget;
			buildConfigurationList = 8B438EBB28E72ECB00862D62 /* Build configuration list for PBXNativeTarget "EssentialFeedAPIEndToEndTests" */;
			buildPhases = (
				8B438EB028E72ECB00862D62 /* Sources */,
				8B438EB128E72ECB00862D62 /* Frameworks */,
				8B438EB228E72ECB00862D62 /* Resources */,
			);
			buildRules = (
			);
			dependencies = (
				8B438EBA28E72ECB00862D62 /* PBXTargetDependency */,
			);
			name = EssentialFeedAPIEndToEndTests;
			productName = EssentialFeedAPIEndToEndTests;
			productReference = 8B438EB428E72ECB00862D62 /* EssentialFeedAPIEndToEndTests.xctest */;
			productType = "com.apple.product-type.bundle.unit-test";
		};
		8BF5A04A290AB7AC00CBBDA2 /* EssentialFeedCacheIntegrationTests */ = {
			isa = PBXNativeTarget;
			buildConfigurationList = 8BF5A052290AB7AC00CBBDA2 /* Build configuration list for PBXNativeTarget "EssentialFeedCacheIntegrationTests" */;
			buildPhases = (
				8BF5A047290AB7AC00CBBDA2 /* Sources */,
				8BF5A048290AB7AC00CBBDA2 /* Frameworks */,
				8BF5A049290AB7AC00CBBDA2 /* Resources */,
			);
			buildRules = (
			);
			dependencies = (
				8BF5A051290AB7AC00CBBDA2 /* PBXTargetDependency */,
			);
			name = EssentialFeedCacheIntegrationTests;
			productName = EssentialFeedCacheIntegrationTests;
			productReference = 8BF5A04B290AB7AC00CBBDA2 /* EssentialFeedCacheIntegrationTests.xctest */;
			productType = "com.apple.product-type.bundle.unit-test";
		};
		8BF5A08C291155D400CBBDA2 /* EssentialFeediOS */ = {
			isa = PBXNativeTarget;
			buildConfigurationList = 8BF5A09C291155D600CBBDA2 /* Build configuration list for PBXNativeTarget "EssentialFeediOS" */;
			buildPhases = (
				8BF5A088291155D400CBBDA2 /* Headers */,
				8BF5A089291155D400CBBDA2 /* Sources */,
				8BF5A08A291155D400CBBDA2 /* Frameworks */,
				8BF5A08B291155D400CBBDA2 /* Resources */,
				8BF9663B29117A9800A604E4 /* Embed Frameworks */,
			);
			buildRules = (
			);
			dependencies = (
				8BF9663A29117A9800A604E4 /* PBXTargetDependency */,
			);
			name = EssentialFeediOS;
			productName = EssentialFeediOS;
			productReference = 8BF5A08D291155D400CBBDA2 /* EssentialFeediOS.framework */;
			productType = "com.apple.product-type.framework";
		};
		8BF5A093291155D500CBBDA2 /* EssentialFeediOSTests */ = {
			isa = PBXNativeTarget;
			buildConfigurationList = 8BF5A09F291155D600CBBDA2 /* Build configuration list for PBXNativeTarget "EssentialFeediOSTests" */;
			buildPhases = (
				8BF966332911786F00A604E4 /* Headers */,
				8BF5A090291155D500CBBDA2 /* Sources */,
				8BF5A091291155D500CBBDA2 /* Frameworks */,
				8BF5A092291155D500CBBDA2 /* Resources */,
			);
			buildRules = (
			);
			dependencies = (
				8BF5A097291155D600CBBDA2 /* PBXTargetDependency */,
			);
			name = EssentialFeediOSTests;
			productName = EssentialFeediOSTests;
			productReference = 8BF5A094291155D500CBBDA2 /* EssentialFeediOSTests.xctest */;
			productType = "com.apple.product-type.bundle.unit-test";
		};
		8BF89B6128E3291C0017307F /* EssentialFeed */ = {
			isa = PBXNativeTarget;
			buildConfigurationList = 8BF89B6B28E3291C0017307F /* Build configuration list for PBXNativeTarget "EssentialFeed" */;
			buildPhases = (
				8BF89B5D28E3291C0017307F /* Headers */,
				8BF89B5E28E3291C0017307F /* Sources */,
				8BF89B5F28E3291C0017307F /* Frameworks */,
				8BF89B6028E3291C0017307F /* Resources */,
			);
			buildRules = (
			);
			dependencies = (
			);
			name = EssentialFeed;
			productName = EssentialFeed;
			productReference = 8BF89B6228E3291C0017307F /* EssentialFeed.framework */;
			productType = "com.apple.product-type.framework";
		};
		8BF89B7628E32B570017307F /* EssentialFeedTests */ = {
			isa = PBXNativeTarget;
			buildConfigurationList = 8BF89B7E28E32B570017307F /* Build configuration list for PBXNativeTarget "EssentialFeedTests" */;
			buildPhases = (
				8BF89B7328E32B570017307F /* Sources */,
				8BF89B7428E32B570017307F /* Frameworks */,
				8BF89B7528E32B570017307F /* Resources */,
			);
			buildRules = (
			);
			dependencies = (
				8BF89B7D28E32B570017307F /* PBXTargetDependency */,
			);
			name = EssentialFeedTests;
			productName = EssentialFeedTests;
			productReference = 8BF89B7728E32B570017307F /* EssentialFeedTests.xctest */;
			productType = "com.apple.product-type.bundle.unit-test";
		};
/* End PBXNativeTarget section */

/* Begin PBXProject section */
		8BF89B5928E3291C0017307F /* Project object */ = {
			isa = PBXProject;
			attributes = {
				BuildIndependentTargetsInParallel = 1;
				LastSwiftUpdateCheck = 1400;
				LastUpgradeCheck = 1400;
				TargetAttributes = {
					8B438EB328E72ECB00862D62 = {
						CreatedOnToolsVersion = 13.4.1;
					};
					8BF5A04A290AB7AC00CBBDA2 = {
						CreatedOnToolsVersion = 14.0.1;
					};
					8BF5A08C291155D400CBBDA2 = {
						CreatedOnToolsVersion = 14.0.1;
						LastSwiftMigration = 1400;
					};
					8BF5A093291155D500CBBDA2 = {
						CreatedOnToolsVersion = 14.0.1;
						LastSwiftMigration = 1400;
					};
					8BF89B6128E3291C0017307F = {
						CreatedOnToolsVersion = 13.4.1;
					};
					8BF89B7628E32B570017307F = {
						CreatedOnToolsVersion = 13.4.1;
					};
				};
			};
			buildConfigurationList = 8BF89B5C28E3291C0017307F /* Build configuration list for PBXProject "EssentialFeed" */;
			compatibilityVersion = "Xcode 13.0";
			developmentRegion = en;
			hasScannedForEncodings = 0;
			knownRegions = (
				en,
				Base,
				"pt-BR",
				el,
			);
			mainGroup = 8BF89B5828E3291C0017307F;
			productRefGroup = 8BF89B6328E3291C0017307F /* Products */;
			projectDirPath = "";
			projectRoot = "";
			targets = (
				8BF89B6128E3291C0017307F /* EssentialFeed */,
				8BF89B7628E32B570017307F /* EssentialFeedTests */,
				8B438EB328E72ECB00862D62 /* EssentialFeedAPIEndToEndTests */,
				8BF5A04A290AB7AC00CBBDA2 /* EssentialFeedCacheIntegrationTests */,
				8BF5A08C291155D400CBBDA2 /* EssentialFeediOS */,
				8BF5A093291155D500CBBDA2 /* EssentialFeediOSTests */,
			);
		};
/* End PBXProject section */

/* Begin PBXResourcesBuildPhase section */
		8B438EB228E72ECB00862D62 /* Resources */ = {
			isa = PBXResourcesBuildPhase;
			buildActionMask = 2147483647;
			files = (
			);
			runOnlyForDeploymentPostprocessing = 0;
		};
		8BF5A049290AB7AC00CBBDA2 /* Resources */ = {
			isa = PBXResourcesBuildPhase;
			buildActionMask = 2147483647;
			files = (
			);
			runOnlyForDeploymentPostprocessing = 0;
		};
		8BF5A08B291155D400CBBDA2 /* Resources */ = {
			isa = PBXResourcesBuildPhase;
			buildActionMask = 2147483647;
			files = (
				8B4AAAF8291DA11100481073 /* Feed.storyboard in Resources */,
				8B4AAAFA291DA22E00481073 /* Feed.xcassets in Resources */,
				8B4AAB03291E739B00481073 /* Feed.strings in Resources */,
			);
			runOnlyForDeploymentPostprocessing = 0;
		};
		8BF5A092291155D500CBBDA2 /* Resources */ = {
			isa = PBXResourcesBuildPhase;
			buildActionMask = 2147483647;
			files = (
			);
			runOnlyForDeploymentPostprocessing = 0;
		};
		8BF89B6028E3291C0017307F /* Resources */ = {
			isa = PBXResourcesBuildPhase;
			buildActionMask = 2147483647;
			files = (
			);
			runOnlyForDeploymentPostprocessing = 0;
		};
		8BF89B7528E32B570017307F /* Resources */ = {
			isa = PBXResourcesBuildPhase;
			buildActionMask = 2147483647;
			files = (
			);
			runOnlyForDeploymentPostprocessing = 0;
		};
/* End PBXResourcesBuildPhase section */

/* Begin PBXSourcesBuildPhase section */
		8B438EB028E72ECB00862D62 /* Sources */ = {
			isa = PBXSourcesBuildPhase;
			buildActionMask = 2147483647;
			files = (
				8B438EB728E72ECB00862D62 /* EssentialFeedAPIEndToEndTests.swift in Sources */,
				8B438EBE28E7386A00862D62 /* XCTestCase+MemoryLeakTracking.swift in Sources */,
			);
			runOnlyForDeploymentPostprocessing = 0;
		};
		8BF5A047290AB7AC00CBBDA2 /* Sources */ = {
			isa = PBXSourcesBuildPhase;
			buildActionMask = 2147483647;
			files = (
				8BF5A057290ABDB200CBBDA2 /* SharedTestHelpers.swift in Sources */,
				8BF5A04E290AB7AC00CBBDA2 /* EssentialFeedCacheIntegrationTests.swift in Sources */,
				8BF5A056290ABD9C00CBBDA2 /* FeedCacheTestHelpers.swift in Sources */,
				8BF5A055290ABAD200CBBDA2 /* XCTestCase+MemoryLeakTracking.swift in Sources */,
			);
			runOnlyForDeploymentPostprocessing = 0;
		};
		8BF5A089291155D400CBBDA2 /* Sources */ = {
			isa = PBXSourcesBuildPhase;
			buildActionMask = 2147483647;
			files = (
				8B4AAAF0291BE5D300481073 /* FeedPresenter.swift in Sources */,
				8B4AAAE1291538CC00481073 /* FeedImageDataLoader.swift in Sources */,
				8BF966422912B28A00A604E4 /* UIView+Shimmering.swift in Sources */,
				8B4AAAFC291DB1BD00481073 /* UITableView+Dequeueing.swift in Sources */,
				8B4AAAF2291CFE3000481073 /* FeedImagePresenter.swift in Sources */,
				8B4AAAF4291D077B00481073 /* FeedViewModel.swift in Sources */,
				8BF9663E2912888800A604E4 /* FeedViewController.swift in Sources */,
				8B4AAAFE291DB31E00481073 /* UIImageView+Animations.swift in Sources */,
				8B4AAAF6291D078500481073 /* FeedLoadingViewModel.swift in Sources */,
				8BF9664029129CE600A604E4 /* FeedImageCell.swift in Sources */,
				8B4AAAED291934DE00481073 /* FeedImageViewModel.swift in Sources */,
				8B4AAAE529153BEC00481073 /* FeedImageCellController.swift in Sources */,
				8B4AAAE829153EE100481073 /* FeedUIComposer.swift in Sources */,
			);
			runOnlyForDeploymentPostprocessing = 0;
		};
		8BF5A090291155D500CBBDA2 /* Sources */ = {
			isa = PBXSourcesBuildPhase;
			buildActionMask = 2147483647;
			files = (
				8BF96635291178BC00A604E4 /* FeedUIIntegrationTests.swift in Sources */,
				8B4AAADC291536D800481073 /* FeedViewControllerTests+Assertions.swift in Sources */,
				8B4AAACE291533CF00481073 /* UIButton+TestHelpers.swift in Sources */,
				8B4AAACC2915338900481073 /* UIRefreshControl+TestHelpers.swift in Sources */,
				8BF9663C29117C0100A604E4 /* XCTestCase+MemoryLeakTracking.swift in Sources */,
				8B4AAADA2915366B00481073 /* FeedViewControllerTests+LoaderSpy.swift in Sources */,
				8B4AAAD6291535AB00481073 /* FeedViewController+TestHelpers.swift in Sources */,
				8B4AAACA2915331100481073 /* UIImage+TestHelpers.swift in Sources */,
				8B4AAAD02915343600481073 /* UIControl+TestHelpers.swift in Sources */,
				8B4AAAD82915360A00481073 /* FeedImageCell+TestHelpers.swift in Sources */,
				8B4AAB02291E726A00481073 /* FeedViewControllerTests+Localization.swift in Sources */,
			);
			runOnlyForDeploymentPostprocessing = 0;
		};
		8BF89B5E28E3291C0017307F /* Sources */ = {
			isa = PBXSourcesBuildPhase;
			buildActionMask = 2147483647;
			files = (
				8B255A5E28F45FBE0059D085 /* LocalFeedImage.swift in Sources */,
				8BF5A03D290968A600CBBDA2 /* FeedStore.xcdatamodeld in Sources */,
				8B255A5A28F432E30059D085 /* FeedStore.swift in Sources */,
				8B438EAF28E7287400862D62 /* URLSessionHTTPClient.swift in Sources */,
				8BF89B8728E42C060017307F /* RemoteFeedLoader.swift in Sources */,
				8B438EA528E4E36100862D62 /* HTTPClient.swift in Sources */,
				8BF5A042290983BE00CBBDA2 /* CoreDataHelpers.swift in Sources */,
				8BF89B7128E32A310017307F /* FeedLoader.swift in Sources */,
				8BF5A03A2909665800CBBDA2 /* CoreDataFeedStore.swift in Sources */,
				8BF5A0442909845B00CBBDA2 /* ManagedCache.swift in Sources */,
				8B438EA728E4E3D900862D62 /* FeedItemsMapper.swift in Sources */,
				8B255A5C28F45F330059D085 /* RemoteFeedItem.swift in Sources */,
				8B957A8A2906969800ADBD3A /* FeedCachePolicy.swift in Sources */,
				8BF89B6F28E329A80017307F /* FeedImage.swift in Sources */,
				8BF5A0462909846400CBBDA2 /* ManagedFeedImage.swift in Sources */,
				8B255A5828F4324E0059D085 /* LocalFeedloader.swift in Sources */,
				8BF89B6728E3291C0017307F /* EssentialFeed.docc in Sources */,
			);
			runOnlyForDeploymentPostprocessing = 0;
		};
		8BF89B7328E32B570017307F /* Sources */ = {
			isa = PBXSourcesBuildPhase;
			buildActionMask = 2147483647;
			files = (
				8B957A8629019E5200ADBD3A /* FeedCacheTestHelpers.swift in Sources */,
				8B957A842901998200ADBD3A /* ValidateFeedCacheUseCaseTests.swift in Sources */,
				8BF89B8428E32CF40017307F /* RemoteFeedLoaderTests.swift in Sources */,
				8BF5A0332909505B00CBBDA2 /* XCTestCase+FailableInsertFeedStoreSpecs.swift in Sources */,
				8B438EAA28E5C27C00862D62 /* URLSessionHTTPClientTests.swift in Sources */,
				8B957A8228FDADA300ADBD3A /* FeedStoreSpy.swift in Sources */,
				8B957A8829019F1B00ADBD3A /* SharedTestHelpers.swift in Sources */,
				8B255A5528F0509F0059D085 /* CacheFeedUseCaseTests.swift in Sources */,
				8BF5A035290950F900CBBDA2 /* XCTestCase+FailableDeleteFeedStoreSpecs.swift in Sources */,
				8BF5A03129094FC000CBBDA2 /* XCTestCase+FailableRetrieveFeedStoreSpecs.swift in Sources */,
				8B957A7F28FDAC8100ADBD3A /* LoadFeedFromCacheUseCaseTests.swift in Sources */,
				8BF5A02D29094A9800CBBDA2 /* FeedStoreSpecs.swift in Sources */,
				8B438EAD28E701B900862D62 /* XCTestCase+MemoryLeakTracking.swift in Sources */,
				8BF5A038290965E600CBBDA2 /* CoreDataFeedStoreTests.swift in Sources */,
				8BF5A02F29094B4A00CBBDA2 /* XCTestCase+FeedStoreSpecs.swift in Sources */,
			);
			runOnlyForDeploymentPostprocessing = 0;
		};
/* End PBXSourcesBuildPhase section */

/* Begin PBXTargetDependency section */
		8B438EBA28E72ECB00862D62 /* PBXTargetDependency */ = {
			isa = PBXTargetDependency;
			target = 8BF89B6128E3291C0017307F /* EssentialFeed */;
			targetProxy = 8B438EB928E72ECB00862D62 /* PBXContainerItemProxy */;
		};
		8BF5A051290AB7AC00CBBDA2 /* PBXTargetDependency */ = {
			isa = PBXTargetDependency;
			target = 8BF89B6128E3291C0017307F /* EssentialFeed */;
			targetProxy = 8BF5A050290AB7AC00CBBDA2 /* PBXContainerItemProxy */;
		};
		8BF5A097291155D600CBBDA2 /* PBXTargetDependency */ = {
			isa = PBXTargetDependency;
			target = 8BF5A08C291155D400CBBDA2 /* EssentialFeediOS */;
			targetProxy = 8BF5A096291155D600CBBDA2 /* PBXContainerItemProxy */;
		};
		8BF89B7D28E32B570017307F /* PBXTargetDependency */ = {
			isa = PBXTargetDependency;
			target = 8BF89B6128E3291C0017307F /* EssentialFeed */;
			targetProxy = 8BF89B7C28E32B570017307F /* PBXContainerItemProxy */;
		};
		8BF9663A29117A9800A604E4 /* PBXTargetDependency */ = {
			isa = PBXTargetDependency;
			platformFilter = ios;
			target = 8BF89B6128E3291C0017307F /* EssentialFeed */;
			targetProxy = 8BF9663929117A9800A604E4 /* PBXContainerItemProxy */;
		};
/* End PBXTargetDependency section */

/* Begin PBXVariantGroup section */
		8B4AAB05291E739B00481073 /* Feed.strings */ = {
			isa = PBXVariantGroup;
			children = (
				8B4AAB04291E739B00481073 /* en */,
				8B4AAB06291E73E200481073 /* pt-BR */,
				8B4AAB07291E744900481073 /* el */,
			);
			name = Feed.strings;
			sourceTree = "<group>";
		};
/* End PBXVariantGroup section */

/* Begin XCBuildConfiguration section */
		8B438EBC28E72ECB00862D62 /* Debug */ = {
			isa = XCBuildConfiguration;
			buildSettings = {
				CODE_SIGN_STYLE = Automatic;
				CURRENT_PROJECT_VERSION = 1;
				DEAD_CODE_STRIPPING = YES;
				DEVELOPMENT_TEAM = RZ4YVSM7SC;
				GENERATE_INFOPLIST_FILE = YES;
				MARKETING_VERSION = 1.0;
				PRODUCT_BUNDLE_IDENTIFIER = com.ak.sfod.EssentialFeedAPIEndToEndTests;
				PRODUCT_NAME = "$(TARGET_NAME)";
				SUPPORTED_PLATFORMS = "macosx iphoneosx iphonesimulator";
				SWIFT_EMIT_LOC_STRINGS = NO;
				SWIFT_VERSION = 5.0;
			};
			name = Debug;
		};
		8B438EBD28E72ECB00862D62 /* Release */ = {
			isa = XCBuildConfiguration;
			buildSettings = {
				CODE_SIGN_STYLE = Automatic;
				CURRENT_PROJECT_VERSION = 1;
				DEAD_CODE_STRIPPING = YES;
				DEVELOPMENT_TEAM = RZ4YVSM7SC;
				GENERATE_INFOPLIST_FILE = YES;
				MARKETING_VERSION = 1.0;
				PRODUCT_BUNDLE_IDENTIFIER = com.ak.sfod.EssentialFeedAPIEndToEndTests;
				PRODUCT_NAME = "$(TARGET_NAME)";
				SUPPORTED_PLATFORMS = "macosx iphoneosx iphonesimulator";
				SWIFT_EMIT_LOC_STRINGS = NO;
				SWIFT_VERSION = 5.0;
			};
			name = Release;
		};
		8BF5A053290AB7AC00CBBDA2 /* Debug */ = {
			isa = XCBuildConfiguration;
			buildSettings = {
				CLANG_CXX_LANGUAGE_STANDARD = "gnu++20";
				CODE_SIGN_STYLE = Automatic;
				CURRENT_PROJECT_VERSION = 1;
				DEVELOPMENT_TEAM = RZ4YVSM7SC;
				GENERATE_INFOPLIST_FILE = YES;
				MARKETING_VERSION = 1.0;
				PRODUCT_BUNDLE_IDENTIFIER = com.ak.sfod.EssentialFeedCacheIntegrationTests;
				PRODUCT_NAME = "$(TARGET_NAME)";
				SUPPORTED_PLATFORMS = "macosx iphonesimulator iphoneosx";
				SWIFT_EMIT_LOC_STRINGS = NO;
				SWIFT_VERSION = 5.0;
			};
			name = Debug;
		};
		8BF5A054290AB7AC00CBBDA2 /* Release */ = {
			isa = XCBuildConfiguration;
			buildSettings = {
				CLANG_CXX_LANGUAGE_STANDARD = "gnu++20";
				CODE_SIGN_STYLE = Automatic;
				CURRENT_PROJECT_VERSION = 1;
				DEVELOPMENT_TEAM = RZ4YVSM7SC;
				GENERATE_INFOPLIST_FILE = YES;
				MARKETING_VERSION = 1.0;
				PRODUCT_BUNDLE_IDENTIFIER = com.ak.sfod.EssentialFeedCacheIntegrationTests;
				PRODUCT_NAME = "$(TARGET_NAME)";
				SUPPORTED_PLATFORMS = "macosx iphonesimulator iphoneosx";
				SWIFT_EMIT_LOC_STRINGS = NO;
				SWIFT_VERSION = 5.0;
			};
			name = Release;
		};
		8BF5A09D291155D600CBBDA2 /* Debug */ = {
			isa = XCBuildConfiguration;
			buildSettings = {
				CLANG_CXX_LANGUAGE_STANDARD = "gnu++20";
				CLANG_ENABLE_MODULES = YES;
				CODE_SIGN_STYLE = Automatic;
				CURRENT_PROJECT_VERSION = 1;
				DEFINES_MODULE = YES;
				DEVELOPMENT_TEAM = RZ4YVSM7SC;
				DYLIB_COMPATIBILITY_VERSION = 1;
				DYLIB_CURRENT_VERSION = 1;
				DYLIB_INSTALL_NAME_BASE = "@rpath";
				GENERATE_INFOPLIST_FILE = YES;
				INFOPLIST_KEY_NSHumanReadableCopyright = "";
				INSTALL_PATH = "$(LOCAL_LIBRARY_DIR)/Frameworks";
				IPHONEOS_DEPLOYMENT_TARGET = 16.0;
				LD_RUNPATH_SEARCH_PATHS = (
					"$(inherited)",
					"@executable_path/Frameworks",
					"@loader_path/Frameworks",
				);
				MARKETING_VERSION = 1.0;
				PRODUCT_BUNDLE_IDENTIFIER = com.ak.sfod.EssentialFeediOS;
				PRODUCT_NAME = "$(TARGET_NAME:c99extidentifier)";
				SDKROOT = iphoneos;
				SKIP_INSTALL = YES;
				SWIFT_EMIT_LOC_STRINGS = YES;
				SWIFT_OPTIMIZATION_LEVEL = "-Onone";
				SWIFT_VERSION = 5.0;
				TARGETED_DEVICE_FAMILY = "1,2";
			};
			name = Debug;
		};
		8BF5A09E291155D600CBBDA2 /* Release */ = {
			isa = XCBuildConfiguration;
			buildSettings = {
				CLANG_CXX_LANGUAGE_STANDARD = "gnu++20";
				CLANG_ENABLE_MODULES = YES;
				CODE_SIGN_STYLE = Automatic;
				CURRENT_PROJECT_VERSION = 1;
				DEFINES_MODULE = YES;
				DEVELOPMENT_TEAM = RZ4YVSM7SC;
				DYLIB_COMPATIBILITY_VERSION = 1;
				DYLIB_CURRENT_VERSION = 1;
				DYLIB_INSTALL_NAME_BASE = "@rpath";
				GENERATE_INFOPLIST_FILE = YES;
				INFOPLIST_KEY_NSHumanReadableCopyright = "";
				INSTALL_PATH = "$(LOCAL_LIBRARY_DIR)/Frameworks";
				IPHONEOS_DEPLOYMENT_TARGET = 16.0;
				LD_RUNPATH_SEARCH_PATHS = (
					"$(inherited)",
					"@executable_path/Frameworks",
					"@loader_path/Frameworks",
				);
				MARKETING_VERSION = 1.0;
				PRODUCT_BUNDLE_IDENTIFIER = com.ak.sfod.EssentialFeediOS;
				PRODUCT_NAME = "$(TARGET_NAME:c99extidentifier)";
				SDKROOT = iphoneos;
				SKIP_INSTALL = YES;
				SWIFT_EMIT_LOC_STRINGS = YES;
				SWIFT_VERSION = 5.0;
				TARGETED_DEVICE_FAMILY = "1,2";
				VALIDATE_PRODUCT = YES;
			};
			name = Release;
		};
		8BF5A0A0291155D600CBBDA2 /* Debug */ = {
			isa = XCBuildConfiguration;
			buildSettings = {
				ALWAYS_EMBED_SWIFT_STANDARD_LIBRARIES = YES;
				CLANG_CXX_LANGUAGE_STANDARD = "gnu++20";
				CLANG_ENABLE_MODULES = YES;
				CODE_SIGN_STYLE = Automatic;
				CURRENT_PROJECT_VERSION = 1;
				DEVELOPMENT_TEAM = RZ4YVSM7SC;
				GENERATE_INFOPLIST_FILE = YES;
				IPHONEOS_DEPLOYMENT_TARGET = 16.0;
				LD_RUNPATH_SEARCH_PATHS = (
					"$(inherited)",
					"@executable_path/Frameworks",
					"@loader_path/Frameworks",
				);
				MARKETING_VERSION = 1.0;
				PRODUCT_BUNDLE_IDENTIFIER = com.ak.sfod.EssentialFeediOSTests;
				PRODUCT_NAME = "$(TARGET_NAME)";
				SDKROOT = iphoneos;
				SWIFT_EMIT_LOC_STRINGS = NO;
				SWIFT_OPTIMIZATION_LEVEL = "-Onone";
				SWIFT_VERSION = 5.0;
				TARGETED_DEVICE_FAMILY = "1,2";
			};
			name = Debug;
		};
		8BF5A0A1291155D600CBBDA2 /* Release */ = {
			isa = XCBuildConfiguration;
			buildSettings = {
				ALWAYS_EMBED_SWIFT_STANDARD_LIBRARIES = YES;
				CLANG_CXX_LANGUAGE_STANDARD = "gnu++20";
				CLANG_ENABLE_MODULES = YES;
				CODE_SIGN_STYLE = Automatic;
				CURRENT_PROJECT_VERSION = 1;
				DEVELOPMENT_TEAM = RZ4YVSM7SC;
				GENERATE_INFOPLIST_FILE = YES;
				IPHONEOS_DEPLOYMENT_TARGET = 16.0;
				LD_RUNPATH_SEARCH_PATHS = (
					"$(inherited)",
					"@executable_path/Frameworks",
					"@loader_path/Frameworks",
				);
				MARKETING_VERSION = 1.0;
				PRODUCT_BUNDLE_IDENTIFIER = com.ak.sfod.EssentialFeediOSTests;
				PRODUCT_NAME = "$(TARGET_NAME)";
				SDKROOT = iphoneos;
				SWIFT_EMIT_LOC_STRINGS = NO;
				SWIFT_VERSION = 5.0;
				TARGETED_DEVICE_FAMILY = "1,2";
				VALIDATE_PRODUCT = YES;
			};
			name = Release;
		};
		8BF89B6928E3291C0017307F /* Debug */ = {
			isa = XCBuildConfiguration;
			buildSettings = {
				ALWAYS_SEARCH_USER_PATHS = NO;
				CLANG_ANALYZER_LOCALIZABILITY_NONLOCALIZED = YES;
				CLANG_ANALYZER_NONNULL = YES;
				CLANG_ANALYZER_NUMBER_OBJECT_CONVERSION = YES_AGGRESSIVE;
				CLANG_CXX_LANGUAGE_STANDARD = "gnu++17";
				CLANG_ENABLE_MODULES = YES;
				CLANG_ENABLE_OBJC_ARC = YES;
				CLANG_ENABLE_OBJC_WEAK = YES;
				CLANG_WARN_BLOCK_CAPTURE_AUTORELEASING = YES;
				CLANG_WARN_BOOL_CONVERSION = YES;
				CLANG_WARN_COMMA = YES;
				CLANG_WARN_CONSTANT_CONVERSION = YES;
				CLANG_WARN_DEPRECATED_OBJC_IMPLEMENTATIONS = YES;
				CLANG_WARN_DIRECT_OBJC_ISA_USAGE = YES_ERROR;
				CLANG_WARN_DOCUMENTATION_COMMENTS = YES;
				CLANG_WARN_EMPTY_BODY = YES;
				CLANG_WARN_ENUM_CONVERSION = YES;
				CLANG_WARN_INFINITE_RECURSION = YES;
				CLANG_WARN_INT_CONVERSION = YES;
				CLANG_WARN_NON_LITERAL_NULL_CONVERSION = YES;
				CLANG_WARN_OBJC_IMPLICIT_RETAIN_SELF = YES;
				CLANG_WARN_OBJC_LITERAL_CONVERSION = YES;
				CLANG_WARN_OBJC_ROOT_CLASS = YES_ERROR;
				CLANG_WARN_QUOTED_INCLUDE_IN_FRAMEWORK_HEADER = YES;
				CLANG_WARN_RANGE_LOOP_ANALYSIS = YES;
				CLANG_WARN_STRICT_PROTOTYPES = YES;
				CLANG_WARN_SUSPICIOUS_MOVE = YES;
				CLANG_WARN_UNGUARDED_AVAILABILITY = YES_AGGRESSIVE;
				CLANG_WARN_UNREACHABLE_CODE = YES;
				CLANG_WARN__DUPLICATE_METHOD_MATCH = YES;
				COPY_PHASE_STRIP = NO;
				CURRENT_PROJECT_VERSION = 1;
				DEAD_CODE_STRIPPING = YES;
				DEBUG_INFORMATION_FORMAT = dwarf;
				ENABLE_STRICT_OBJC_MSGSEND = YES;
				ENABLE_TESTABILITY = YES;
				GCC_C_LANGUAGE_STANDARD = gnu11;
				GCC_DYNAMIC_NO_PIC = NO;
				GCC_NO_COMMON_BLOCKS = YES;
				GCC_OPTIMIZATION_LEVEL = 0;
				GCC_PREPROCESSOR_DEFINITIONS = (
					"DEBUG=1",
					"$(inherited)",
				);
				GCC_WARN_64_TO_32_BIT_CONVERSION = YES;
				GCC_WARN_ABOUT_RETURN_TYPE = YES_ERROR;
				GCC_WARN_UNDECLARED_SELECTOR = YES;
				GCC_WARN_UNINITIALIZED_AUTOS = YES_AGGRESSIVE;
				GCC_WARN_UNUSED_FUNCTION = YES;
				GCC_WARN_UNUSED_VARIABLE = YES;
				MACOSX_DEPLOYMENT_TARGET = 12.3;
				MTL_ENABLE_DEBUG_INFO = INCLUDE_SOURCE;
				MTL_FAST_MATH = YES;
				ONLY_ACTIVE_ARCH = YES;
				SDKROOT = macosx;
				SWIFT_ACTIVE_COMPILATION_CONDITIONS = DEBUG;
				SWIFT_OPTIMIZATION_LEVEL = "-Onone";
				VERSIONING_SYSTEM = "apple-generic";
				VERSION_INFO_PREFIX = "";
			};
			name = Debug;
		};
		8BF89B6A28E3291C0017307F /* Release */ = {
			isa = XCBuildConfiguration;
			buildSettings = {
				ALWAYS_SEARCH_USER_PATHS = NO;
				CLANG_ANALYZER_LOCALIZABILITY_NONLOCALIZED = YES;
				CLANG_ANALYZER_NONNULL = YES;
				CLANG_ANALYZER_NUMBER_OBJECT_CONVERSION = YES_AGGRESSIVE;
				CLANG_CXX_LANGUAGE_STANDARD = "gnu++17";
				CLANG_ENABLE_MODULES = YES;
				CLANG_ENABLE_OBJC_ARC = YES;
				CLANG_ENABLE_OBJC_WEAK = YES;
				CLANG_WARN_BLOCK_CAPTURE_AUTORELEASING = YES;
				CLANG_WARN_BOOL_CONVERSION = YES;
				CLANG_WARN_COMMA = YES;
				CLANG_WARN_CONSTANT_CONVERSION = YES;
				CLANG_WARN_DEPRECATED_OBJC_IMPLEMENTATIONS = YES;
				CLANG_WARN_DIRECT_OBJC_ISA_USAGE = YES_ERROR;
				CLANG_WARN_DOCUMENTATION_COMMENTS = YES;
				CLANG_WARN_EMPTY_BODY = YES;
				CLANG_WARN_ENUM_CONVERSION = YES;
				CLANG_WARN_INFINITE_RECURSION = YES;
				CLANG_WARN_INT_CONVERSION = YES;
				CLANG_WARN_NON_LITERAL_NULL_CONVERSION = YES;
				CLANG_WARN_OBJC_IMPLICIT_RETAIN_SELF = YES;
				CLANG_WARN_OBJC_LITERAL_CONVERSION = YES;
				CLANG_WARN_OBJC_ROOT_CLASS = YES_ERROR;
				CLANG_WARN_QUOTED_INCLUDE_IN_FRAMEWORK_HEADER = YES;
				CLANG_WARN_RANGE_LOOP_ANALYSIS = YES;
				CLANG_WARN_STRICT_PROTOTYPES = YES;
				CLANG_WARN_SUSPICIOUS_MOVE = YES;
				CLANG_WARN_UNGUARDED_AVAILABILITY = YES_AGGRESSIVE;
				CLANG_WARN_UNREACHABLE_CODE = YES;
				CLANG_WARN__DUPLICATE_METHOD_MATCH = YES;
				COPY_PHASE_STRIP = NO;
				CURRENT_PROJECT_VERSION = 1;
				DEAD_CODE_STRIPPING = YES;
				DEBUG_INFORMATION_FORMAT = "dwarf-with-dsym";
				ENABLE_NS_ASSERTIONS = NO;
				ENABLE_STRICT_OBJC_MSGSEND = YES;
				GCC_C_LANGUAGE_STANDARD = gnu11;
				GCC_NO_COMMON_BLOCKS = YES;
				GCC_WARN_64_TO_32_BIT_CONVERSION = YES;
				GCC_WARN_ABOUT_RETURN_TYPE = YES_ERROR;
				GCC_WARN_UNDECLARED_SELECTOR = YES;
				GCC_WARN_UNINITIALIZED_AUTOS = YES_AGGRESSIVE;
				GCC_WARN_UNUSED_FUNCTION = YES;
				GCC_WARN_UNUSED_VARIABLE = YES;
				MACOSX_DEPLOYMENT_TARGET = 12.3;
				MTL_ENABLE_DEBUG_INFO = NO;
				MTL_FAST_MATH = YES;
				SDKROOT = macosx;
				SWIFT_COMPILATION_MODE = wholemodule;
				SWIFT_OPTIMIZATION_LEVEL = "-O";
				VERSIONING_SYSTEM = "apple-generic";
				VERSION_INFO_PREFIX = "";
			};
			name = Release;
		};
		8BF89B6C28E3291C0017307F /* Debug */ = {
			isa = XCBuildConfiguration;
			buildSettings = {
				CODE_SIGN_STYLE = Automatic;
				COMBINE_HIDPI_IMAGES = YES;
				CURRENT_PROJECT_VERSION = 1;
				DEAD_CODE_STRIPPING = YES;
				DEFINES_MODULE = YES;
				DEVELOPMENT_TEAM = RZ4YVSM7SC;
				DYLIB_COMPATIBILITY_VERSION = 1;
				DYLIB_CURRENT_VERSION = 1;
				DYLIB_INSTALL_NAME_BASE = "@rpath";
				GENERATE_INFOPLIST_FILE = YES;
				INFOPLIST_KEY_NSHumanReadableCopyright = "";
				INSTALL_PATH = "$(LOCAL_LIBRARY_DIR)/Frameworks";
				LD_RUNPATH_SEARCH_PATHS = (
					"$(inherited)",
					"@executable_path/../Frameworks",
					"@loader_path/Frameworks",
				);
				MARKETING_VERSION = 1.0;
				PRODUCT_BUNDLE_IDENTIFIER = com.ak.sfod.EssentialFeed;
				PRODUCT_NAME = "$(TARGET_NAME:c99extidentifier)";
				SKIP_INSTALL = YES;
				SUPPORTED_PLATFORMS = "macosx iphoneosx iphonesimulator";
				SWIFT_EMIT_LOC_STRINGS = YES;
				SWIFT_VERSION = 5.0;
			};
			name = Debug;
		};
		8BF89B6D28E3291C0017307F /* Release */ = {
			isa = XCBuildConfiguration;
			buildSettings = {
				CODE_SIGN_STYLE = Automatic;
				COMBINE_HIDPI_IMAGES = YES;
				CURRENT_PROJECT_VERSION = 1;
				DEAD_CODE_STRIPPING = YES;
				DEFINES_MODULE = YES;
				DEVELOPMENT_TEAM = RZ4YVSM7SC;
				DYLIB_COMPATIBILITY_VERSION = 1;
				DYLIB_CURRENT_VERSION = 1;
				DYLIB_INSTALL_NAME_BASE = "@rpath";
				GENERATE_INFOPLIST_FILE = YES;
				INFOPLIST_KEY_NSHumanReadableCopyright = "";
				INSTALL_PATH = "$(LOCAL_LIBRARY_DIR)/Frameworks";
				LD_RUNPATH_SEARCH_PATHS = (
					"$(inherited)",
					"@executable_path/../Frameworks",
					"@loader_path/Frameworks",
				);
				MARKETING_VERSION = 1.0;
				PRODUCT_BUNDLE_IDENTIFIER = com.ak.sfod.EssentialFeed;
				PRODUCT_NAME = "$(TARGET_NAME:c99extidentifier)";
				SKIP_INSTALL = YES;
				SUPPORTED_PLATFORMS = "macosx iphoneosx iphonesimulator";
				SWIFT_EMIT_LOC_STRINGS = YES;
				SWIFT_VERSION = 5.0;
			};
			name = Release;
		};
		8BF89B7F28E32B570017307F /* Debug */ = {
			isa = XCBuildConfiguration;
			buildSettings = {
				CODE_SIGN_STYLE = Automatic;
				CURRENT_PROJECT_VERSION = 1;
				DEAD_CODE_STRIPPING = YES;
				DEVELOPMENT_TEAM = RZ4YVSM7SC;
				GENERATE_INFOPLIST_FILE = YES;
				MARKETING_VERSION = 1.0;
				PRODUCT_BUNDLE_IDENTIFIER = com.ak.sfod.EssentialFeedTests;
				PRODUCT_NAME = "$(TARGET_NAME)";
				SUPPORTED_PLATFORMS = "macosx iphonesimulator iphoneosx";
				SWIFT_EMIT_LOC_STRINGS = NO;
				SWIFT_VERSION = 5.0;
			};
			name = Debug;
		};
		8BF89B8028E32B570017307F /* Release */ = {
			isa = XCBuildConfiguration;
			buildSettings = {
				CODE_SIGN_STYLE = Automatic;
				CURRENT_PROJECT_VERSION = 1;
				DEAD_CODE_STRIPPING = YES;
				DEVELOPMENT_TEAM = RZ4YVSM7SC;
				GENERATE_INFOPLIST_FILE = YES;
				MARKETING_VERSION = 1.0;
				PRODUCT_BUNDLE_IDENTIFIER = com.ak.sfod.EssentialFeedTests;
				PRODUCT_NAME = "$(TARGET_NAME)";
				SUPPORTED_PLATFORMS = "macosx iphonesimulator iphoneosx";
				SWIFT_EMIT_LOC_STRINGS = NO;
				SWIFT_VERSION = 5.0;
			};
			name = Release;
		};
/* End XCBuildConfiguration section */

/* Begin XCConfigurationList section */
		8B438EBB28E72ECB00862D62 /* Build configuration list for PBXNativeTarget "EssentialFeedAPIEndToEndTests" */ = {
			isa = XCConfigurationList;
			buildConfigurations = (
				8B438EBC28E72ECB00862D62 /* Debug */,
				8B438EBD28E72ECB00862D62 /* Release */,
			);
			defaultConfigurationIsVisible = 0;
			defaultConfigurationName = Release;
		};
		8BF5A052290AB7AC00CBBDA2 /* Build configuration list for PBXNativeTarget "EssentialFeedCacheIntegrationTests" */ = {
			isa = XCConfigurationList;
			buildConfigurations = (
				8BF5A053290AB7AC00CBBDA2 /* Debug */,
				8BF5A054290AB7AC00CBBDA2 /* Release */,
			);
			defaultConfigurationIsVisible = 0;
			defaultConfigurationName = Release;
		};
		8BF5A09C291155D600CBBDA2 /* Build configuration list for PBXNativeTarget "EssentialFeediOS" */ = {
			isa = XCConfigurationList;
			buildConfigurations = (
				8BF5A09D291155D600CBBDA2 /* Debug */,
				8BF5A09E291155D600CBBDA2 /* Release */,
			);
			defaultConfigurationIsVisible = 0;
			defaultConfigurationName = Release;
		};
		8BF5A09F291155D600CBBDA2 /* Build configuration list for PBXNativeTarget "EssentialFeediOSTests" */ = {
			isa = XCConfigurationList;
			buildConfigurations = (
				8BF5A0A0291155D600CBBDA2 /* Debug */,
				8BF5A0A1291155D600CBBDA2 /* Release */,
			);
			defaultConfigurationIsVisible = 0;
			defaultConfigurationName = Release;
		};
		8BF89B5C28E3291C0017307F /* Build configuration list for PBXProject "EssentialFeed" */ = {
			isa = XCConfigurationList;
			buildConfigurations = (
				8BF89B6928E3291C0017307F /* Debug */,
				8BF89B6A28E3291C0017307F /* Release */,
			);
			defaultConfigurationIsVisible = 0;
			defaultConfigurationName = Release;
		};
		8BF89B6B28E3291C0017307F /* Build configuration list for PBXNativeTarget "EssentialFeed" */ = {
			isa = XCConfigurationList;
			buildConfigurations = (
				8BF89B6C28E3291C0017307F /* Debug */,
				8BF89B6D28E3291C0017307F /* Release */,
			);
			defaultConfigurationIsVisible = 0;
			defaultConfigurationName = Release;
		};
		8BF89B7E28E32B570017307F /* Build configuration list for PBXNativeTarget "EssentialFeedTests" */ = {
			isa = XCConfigurationList;
			buildConfigurations = (
				8BF89B7F28E32B570017307F /* Debug */,
				8BF89B8028E32B570017307F /* Release */,
			);
			defaultConfigurationIsVisible = 0;
			defaultConfigurationName = Release;
		};
/* End XCConfigurationList section */

/* Begin XCVersionGroup section */
		8BF5A03B290968A600CBBDA2 /* FeedStore.xcdatamodeld */ = {
			isa = XCVersionGroup;
			children = (
				8BF5A03C290968A600CBBDA2 /* FeedStore.xcdatamodel */,
			);
			currentVersion = 8BF5A03C290968A600CBBDA2 /* FeedStore.xcdatamodel */;
			path = FeedStore.xcdatamodeld;
			sourceTree = "<group>";
			versionGroupType = wrapper.xcdatamodel;
		};
/* End XCVersionGroup section */
	};
	rootObject = 8BF89B5928E3291C0017307F /* Project object */;
}
