// !$*UTF8*$!
{
	archiveVersion = 1;
	classes = {
	};
	objectVersion = 56;
	objects = {

/* Begin PBXBuildFile section */
		8B0C3E74293A188B0098AFC1 /* SceneDelegateTests.swift in Sources */ = {isa = PBXBuildFile; fileRef = 8B0C3E73293A188B0098AFC1 /* SceneDelegateTests.swift */; };
		8B0C3E87293A1CEE0098AFC1 /* FeedImageDataLoaderPresentationAdapter.swift in Sources */ = {isa = PBXBuildFile; fileRef = 8B0C3E82293A1CED0098AFC1 /* FeedImageDataLoaderPresentationAdapter.swift */; };
		8B0C3E88293A1CEE0098AFC1 /* FeedViewAdapter.swift in Sources */ = {isa = PBXBuildFile; fileRef = 8B0C3E85293A1CED0098AFC1 /* FeedViewAdapter.swift */; };
		8B0C3E89293A1CEE0098AFC1 /* FeedLoaderPresentationAdapter.swift in Sources */ = {isa = PBXBuildFile; fileRef = 8B0C3E84293A1CED0098AFC1 /* FeedLoaderPresentationAdapter.swift */; };
		8B0C3E8A293A1CEE0098AFC1 /* FeedUIComposer.swift in Sources */ = {isa = PBXBuildFile; fileRef = 8B0C3E81293A1CEC0098AFC1 /* FeedUIComposer.swift */; };
		8B0C3E8C293A1CEE0098AFC1 /* WeakRefVirtualProxy.swift in Sources */ = {isa = PBXBuildFile; fileRef = 8B0C3E86293A1CEE0098AFC1 /* WeakRefVirtualProxy.swift */; };
		8B0C3E96293A1D470098AFC1 /* UIImage+TestHelpers.swift in Sources */ = {isa = PBXBuildFile; fileRef = 8B0C3E8E293A1D450098AFC1 /* UIImage+TestHelpers.swift */; };
		8B0C3E97293A1D470098AFC1 /* FeedUIIntegrationTests+Localization.swift in Sources */ = {isa = PBXBuildFile; fileRef = 8B0C3E92293A1D460098AFC1 /* FeedUIIntegrationTests+Localization.swift */; };
		8B0C3E98293A1D470098AFC1 /* FeedImageCell+TestHelpers.swift in Sources */ = {isa = PBXBuildFile; fileRef = 8B0C3E90293A1D460098AFC1 /* FeedImageCell+TestHelpers.swift */; };
		8B0C3E99293A1D470098AFC1 /* UIButton+TestHelpers.swift in Sources */ = {isa = PBXBuildFile; fileRef = 8B0C3E93293A1D460098AFC1 /* UIButton+TestHelpers.swift */; };
		8B0C3E9A293A1D470098AFC1 /* FeedViewController+TestHelpers.swift in Sources */ = {isa = PBXBuildFile; fileRef = 8B0C3E94293A1D470098AFC1 /* FeedViewController+TestHelpers.swift */; };
		8B0C3E9B293A1D470098AFC1 /* UIControl+TestHelpers.swift in Sources */ = {isa = PBXBuildFile; fileRef = 8B0C3E8F293A1D450098AFC1 /* UIControl+TestHelpers.swift */; };
		8B0C3E9C293A1D470098AFC1 /* FeedViewControllerTests+LoaderSpy.swift in Sources */ = {isa = PBXBuildFile; fileRef = 8B0C3E8D293A1D450098AFC1 /* FeedViewControllerTests+LoaderSpy.swift */; };
		8B0C3E9D293A1D470098AFC1 /* UIRefreshControl+TestHelpers.swift in Sources */ = {isa = PBXBuildFile; fileRef = 8B0C3E91293A1D460098AFC1 /* UIRefreshControl+TestHelpers.swift */; };
		8B0C3E9E293A1D470098AFC1 /* FeedViewControllerTests+Assertions.swift in Sources */ = {isa = PBXBuildFile; fileRef = 8B0C3E95293A1D470098AFC1 /* FeedViewControllerTests+Assertions.swift */; };
		8B0C3EA0293A1D760098AFC1 /* FeedUIIntegrationTests.swift in Sources */ = {isa = PBXBuildFile; fileRef = 8B0C3E9F293A1D760098AFC1 /* FeedUIIntegrationTests.swift */; };
		8B0C3EA2293A1F420098AFC1 /* FeedAcceptanceTests.swift in Sources */ = {isa = PBXBuildFile; fileRef = 8B0C3EA1293A1F420098AFC1 /* FeedAcceptanceTests.swift */; };
		8B2DE946294756E3007B1811 /* HTTPClientStub.swift in Sources */ = {isa = PBXBuildFile; fileRef = 8B2DE945294756E3007B1811 /* HTTPClientStub.swift */; };
		8B2DE94829475764007B1811 /* InMemoryFeedStore.swift in Sources */ = {isa = PBXBuildFile; fileRef = 8B2DE94729475764007B1811 /* InMemoryFeedStore.swift */; };
		8B2DE94F2948C859007B1811 /* UIWindowSpy.swift in Sources */ = {isa = PBXBuildFile; fileRef = 8B2DE94E2948C859007B1811 /* UIWindowSpy.swift */; };
		8B2DE953294B622F007B1811 /* CombineHelpers.swift in Sources */ = {isa = PBXBuildFile; fileRef = 8B2DE952294B622F007B1811 /* CombineHelpers.swift */; };
		8B2EDD6A2935020B00C6A1A4 /* FeedLoaderStub.swift in Sources */ = {isa = PBXBuildFile; fileRef = 8B2EDD692935020B00C6A1A4 /* FeedLoaderStub.swift */; };
		8B2EDD6C2935043600C6A1A4 /* XCTestCase+FeedLoader.swift in Sources */ = {isa = PBXBuildFile; fileRef = 8B2EDD6B2935043600C6A1A4 /* XCTestCase+FeedLoader.swift */; };
		8B2EDD742936403200C6A1A4 /* FeedImageDataLoaderSpy.swift in Sources */ = {isa = PBXBuildFile; fileRef = 8B2EDD732936403200C6A1A4 /* FeedImageDataLoaderSpy.swift */; };
		8B2EDD762936416600C6A1A4 /* XCTestCase+FeedImageDataLoader.swift in Sources */ = {isa = PBXBuildFile; fileRef = 8B2EDD752936416600C6A1A4 /* XCTestCase+FeedImageDataLoader.swift */; };
		8B833F342930E92E0025BEE7 /* AppDelegate.swift in Sources */ = {isa = PBXBuildFile; fileRef = 8B833F332930E92E0025BEE7 /* AppDelegate.swift */; };
		8B833F362930E92E0025BEE7 /* SceneDelegate.swift in Sources */ = {isa = PBXBuildFile; fileRef = 8B833F352930E92E0025BEE7 /* SceneDelegate.swift */; };
		8B833F382930E92E0025BEE7 /* ViewController.swift in Sources */ = {isa = PBXBuildFile; fileRef = 8B833F372930E92E0025BEE7 /* ViewController.swift */; };
		8B833F3D2930E92F0025BEE7 /* Assets.xcassets in Resources */ = {isa = PBXBuildFile; fileRef = 8B833F3C2930E92F0025BEE7 /* Assets.xcassets */; };
		8B833F402930E92F0025BEE7 /* LaunchScreen.storyboard in Resources */ = {isa = PBXBuildFile; fileRef = 8B833F3E2930E92F0025BEE7 /* LaunchScreen.storyboard */; };
		8B833F742930FBAC0025BEE7 /* EssentialFeed.framework in Frameworks */ = {isa = PBXBuildFile; fileRef = 8B833F722930FBAC0025BEE7 /* EssentialFeed.framework */; };
		8B833F752930FBAC0025BEE7 /* EssentialFeed.framework in Embed Frameworks */ = {isa = PBXBuildFile; fileRef = 8B833F722930FBAC0025BEE7 /* EssentialFeed.framework */; settings = {ATTRIBUTES = (CodeSignOnCopy, RemoveHeadersOnCopy, ); }; };
		8B833F762930FBAC0025BEE7 /* EssentialFeediOS.framework in Frameworks */ = {isa = PBXBuildFile; fileRef = 8B833F732930FBAC0025BEE7 /* EssentialFeediOS.framework */; };
		8B833F772930FBAC0025BEE7 /* EssentialFeediOS.framework in Embed Frameworks */ = {isa = PBXBuildFile; fileRef = 8B833F732930FBAC0025BEE7 /* EssentialFeediOS.framework */; settings = {ATTRIBUTES = (CodeSignOnCopy, RemoveHeadersOnCopy, ); }; };
		8B833F90293266140025BEE7 /* XCTestCase+MemoryLeakTracking.swift in Sources */ = {isa = PBXBuildFile; fileRef = 8B833F8F293266140025BEE7 /* XCTestCase+MemoryLeakTracking.swift */; };
		8B833F922932669F0025BEE7 /* SharedTestHelpers.swift in Sources */ = {isa = PBXBuildFile; fileRef = 8B833F912932669F0025BEE7 /* SharedTestHelpers.swift */; };
/* End PBXBuildFile section */

/* Begin PBXContainerItemProxy section */
		8B833F81293114090025BEE7 /* PBXContainerItemProxy */ = {
			isa = PBXContainerItemProxy;
			containerPortal = 8B833F282930E92E0025BEE7 /* Project object */;
			proxyType = 1;
			remoteGlobalIDString = 8B833F2F2930E92E0025BEE7;
			remoteInfo = EssentialApp;
		};
/* End PBXContainerItemProxy section */

/* Begin PBXCopyFilesBuildPhase section */
		8B833F782930FBAC0025BEE7 /* Embed Frameworks */ = {
			isa = PBXCopyFilesBuildPhase;
			buildActionMask = 2147483647;
			dstPath = "";
			dstSubfolderSpec = 10;
			files = (
				8B833F752930FBAC0025BEE7 /* EssentialFeed.framework in Embed Frameworks */,
				8B833F772930FBAC0025BEE7 /* EssentialFeediOS.framework in Embed Frameworks */,
			);
			name = "Embed Frameworks";
			runOnlyForDeploymentPostprocessing = 0;
		};
/* End PBXCopyFilesBuildPhase section */

/* Begin PBXFileReference section */
		8B0C3E73293A188B0098AFC1 /* SceneDelegateTests.swift */ = {isa = PBXFileReference; lastKnownFileType = sourcecode.swift; path = SceneDelegateTests.swift; sourceTree = "<group>"; };
		8B0C3E81293A1CEC0098AFC1 /* FeedUIComposer.swift */ = {isa = PBXFileReference; lastKnownFileType = sourcecode.swift; path = FeedUIComposer.swift; sourceTree = "<group>"; };
		8B0C3E82293A1CED0098AFC1 /* FeedImageDataLoaderPresentationAdapter.swift */ = {isa = PBXFileReference; lastKnownFileType = sourcecode.swift; path = FeedImageDataLoaderPresentationAdapter.swift; sourceTree = "<group>"; };
		8B0C3E84293A1CED0098AFC1 /* FeedLoaderPresentationAdapter.swift */ = {isa = PBXFileReference; lastKnownFileType = sourcecode.swift; path = FeedLoaderPresentationAdapter.swift; sourceTree = "<group>"; };
		8B0C3E85293A1CED0098AFC1 /* FeedViewAdapter.swift */ = {isa = PBXFileReference; lastKnownFileType = sourcecode.swift; path = FeedViewAdapter.swift; sourceTree = "<group>"; };
		8B0C3E86293A1CEE0098AFC1 /* WeakRefVirtualProxy.swift */ = {isa = PBXFileReference; lastKnownFileType = sourcecode.swift; path = WeakRefVirtualProxy.swift; sourceTree = "<group>"; };
		8B0C3E8D293A1D450098AFC1 /* FeedViewControllerTests+LoaderSpy.swift */ = {isa = PBXFileReference; lastKnownFileType = sourcecode.swift; path = "FeedViewControllerTests+LoaderSpy.swift"; sourceTree = "<group>"; };
		8B0C3E8E293A1D450098AFC1 /* UIImage+TestHelpers.swift */ = {isa = PBXFileReference; lastKnownFileType = sourcecode.swift; path = "UIImage+TestHelpers.swift"; sourceTree = "<group>"; };
		8B0C3E8F293A1D450098AFC1 /* UIControl+TestHelpers.swift */ = {isa = PBXFileReference; lastKnownFileType = sourcecode.swift; path = "UIControl+TestHelpers.swift"; sourceTree = "<group>"; };
		8B0C3E90293A1D460098AFC1 /* FeedImageCell+TestHelpers.swift */ = {isa = PBXFileReference; lastKnownFileType = sourcecode.swift; path = "FeedImageCell+TestHelpers.swift"; sourceTree = "<group>"; };
		8B0C3E91293A1D460098AFC1 /* UIRefreshControl+TestHelpers.swift */ = {isa = PBXFileReference; lastKnownFileType = sourcecode.swift; path = "UIRefreshControl+TestHelpers.swift"; sourceTree = "<group>"; };
		8B0C3E92293A1D460098AFC1 /* FeedUIIntegrationTests+Localization.swift */ = {isa = PBXFileReference; lastKnownFileType = sourcecode.swift; path = "FeedUIIntegrationTests+Localization.swift"; sourceTree = "<group>"; };
		8B0C3E93293A1D460098AFC1 /* UIButton+TestHelpers.swift */ = {isa = PBXFileReference; lastKnownFileType = sourcecode.swift; path = "UIButton+TestHelpers.swift"; sourceTree = "<group>"; };
		8B0C3E94293A1D470098AFC1 /* FeedViewController+TestHelpers.swift */ = {isa = PBXFileReference; lastKnownFileType = sourcecode.swift; path = "FeedViewController+TestHelpers.swift"; sourceTree = "<group>"; };
		8B0C3E95293A1D470098AFC1 /* FeedViewControllerTests+Assertions.swift */ = {isa = PBXFileReference; lastKnownFileType = sourcecode.swift; path = "FeedViewControllerTests+Assertions.swift"; sourceTree = "<group>"; };
		8B0C3E9F293A1D760098AFC1 /* FeedUIIntegrationTests.swift */ = {isa = PBXFileReference; lastKnownFileType = sourcecode.swift; path = FeedUIIntegrationTests.swift; sourceTree = "<group>"; };
		8B0C3EA1293A1F420098AFC1 /* FeedAcceptanceTests.swift */ = {isa = PBXFileReference; lastKnownFileType = sourcecode.swift; path = FeedAcceptanceTests.swift; sourceTree = "<group>"; };
		8B2DE945294756E3007B1811 /* HTTPClientStub.swift */ = {isa = PBXFileReference; lastKnownFileType = sourcecode.swift; path = HTTPClientStub.swift; sourceTree = "<group>"; };
		8B2DE94729475764007B1811 /* InMemoryFeedStore.swift */ = {isa = PBXFileReference; lastKnownFileType = sourcecode.swift; path = InMemoryFeedStore.swift; sourceTree = "<group>"; };
		8B2DE94E2948C859007B1811 /* UIWindowSpy.swift */ = {isa = PBXFileReference; lastKnownFileType = sourcecode.swift; path = UIWindowSpy.swift; sourceTree = "<group>"; };
		8B2DE952294B622F007B1811 /* CombineHelpers.swift */ = {isa = PBXFileReference; lastKnownFileType = sourcecode.swift; path = CombineHelpers.swift; sourceTree = "<group>"; };
		8B2EDD692935020B00C6A1A4 /* FeedLoaderStub.swift */ = {isa = PBXFileReference; lastKnownFileType = sourcecode.swift; path = FeedLoaderStub.swift; sourceTree = "<group>"; };
		8B2EDD6B2935043600C6A1A4 /* XCTestCase+FeedLoader.swift */ = {isa = PBXFileReference; lastKnownFileType = sourcecode.swift; path = "XCTestCase+FeedLoader.swift"; sourceTree = "<group>"; };
		8B2EDD732936403200C6A1A4 /* FeedImageDataLoaderSpy.swift */ = {isa = PBXFileReference; lastKnownFileType = sourcecode.swift; path = FeedImageDataLoaderSpy.swift; sourceTree = "<group>"; };
		8B2EDD752936416600C6A1A4 /* XCTestCase+FeedImageDataLoader.swift */ = {isa = PBXFileReference; lastKnownFileType = sourcecode.swift; path = "XCTestCase+FeedImageDataLoader.swift"; sourceTree = "<group>"; };
		8B833F302930E92E0025BEE7 /* EssentialApp.app */ = {isa = PBXFileReference; explicitFileType = wrapper.application; includeInIndex = 0; path = EssentialApp.app; sourceTree = BUILT_PRODUCTS_DIR; };
		8B833F332930E92E0025BEE7 /* AppDelegate.swift */ = {isa = PBXFileReference; lastKnownFileType = sourcecode.swift; path = AppDelegate.swift; sourceTree = "<group>"; };
		8B833F352930E92E0025BEE7 /* SceneDelegate.swift */ = {isa = PBXFileReference; lastKnownFileType = sourcecode.swift; path = SceneDelegate.swift; sourceTree = "<group>"; };
		8B833F372930E92E0025BEE7 /* ViewController.swift */ = {isa = PBXFileReference; lastKnownFileType = sourcecode.swift; path = ViewController.swift; sourceTree = "<group>"; };
		8B833F3C2930E92F0025BEE7 /* Assets.xcassets */ = {isa = PBXFileReference; lastKnownFileType = folder.assetcatalog; path = Assets.xcassets; sourceTree = "<group>"; };
		8B833F3F2930E92F0025BEE7 /* Base */ = {isa = PBXFileReference; lastKnownFileType = file.storyboard; name = Base; path = Base.lproj/LaunchScreen.storyboard; sourceTree = "<group>"; };
		8B833F412930E92F0025BEE7 /* Info.plist */ = {isa = PBXFileReference; lastKnownFileType = text.plist.xml; path = Info.plist; sourceTree = "<group>"; };
		8B833F722930FBAC0025BEE7 /* EssentialFeed.framework */ = {isa = PBXFileReference; explicitFileType = wrapper.framework; path = EssentialFeed.framework; sourceTree = BUILT_PRODUCTS_DIR; };
		8B833F732930FBAC0025BEE7 /* EssentialFeediOS.framework */ = {isa = PBXFileReference; explicitFileType = wrapper.framework; path = EssentialFeediOS.framework; sourceTree = BUILT_PRODUCTS_DIR; };
		8B833F7D293114090025BEE7 /* EssentialAppTests.xctest */ = {isa = PBXFileReference; explicitFileType = wrapper.cfbundle; includeInIndex = 0; path = EssentialAppTests.xctest; sourceTree = BUILT_PRODUCTS_DIR; };
		8B833F8F293266140025BEE7 /* XCTestCase+MemoryLeakTracking.swift */ = {isa = PBXFileReference; lastKnownFileType = sourcecode.swift; path = "XCTestCase+MemoryLeakTracking.swift"; sourceTree = "<group>"; };
		8B833F912932669F0025BEE7 /* SharedTestHelpers.swift */ = {isa = PBXFileReference; lastKnownFileType = sourcecode.swift; path = SharedTestHelpers.swift; sourceTree = "<group>"; };
/* End PBXFileReference section */

/* Begin PBXFrameworksBuildPhase section */
		8B833F2D2930E92E0025BEE7 /* Frameworks */ = {
			isa = PBXFrameworksBuildPhase;
			buildActionMask = 2147483647;
			files = (
				8B833F742930FBAC0025BEE7 /* EssentialFeed.framework in Frameworks */,
				8B833F762930FBAC0025BEE7 /* EssentialFeediOS.framework in Frameworks */,
			);
			runOnlyForDeploymentPostprocessing = 0;
		};
		8B833F7A293114090025BEE7 /* Frameworks */ = {
			isa = PBXFrameworksBuildPhase;
			buildActionMask = 2147483647;
			files = (
			);
			runOnlyForDeploymentPostprocessing = 0;
		};
/* End PBXFrameworksBuildPhase section */

/* Begin PBXGroup section */
		8B833F272930E92E0025BEE7 = {
			isa = PBXGroup;
			children = (
				8B833F322930E92E0025BEE7 /* EssentialApp */,
				8B833F7E293114090025BEE7 /* EssentialAppTests */,
				8B833F312930E92E0025BEE7 /* Products */,
				8B833F712930FBAC0025BEE7 /* Frameworks */,
			);
			sourceTree = "<group>";
		};
		8B833F312930E92E0025BEE7 /* Products */ = {
			isa = PBXGroup;
			children = (
				8B833F302930E92E0025BEE7 /* EssentialApp.app */,
				8B833F7D293114090025BEE7 /* EssentialAppTests.xctest */,
			);
			name = Products;
			sourceTree = "<group>";
		};
		8B833F322930E92E0025BEE7 /* EssentialApp */ = {
			isa = PBXGroup;
			children = (
				8B833F332930E92E0025BEE7 /* AppDelegate.swift */,
				8B833F352930E92E0025BEE7 /* SceneDelegate.swift */,
				8B2DE952294B622F007B1811 /* CombineHelpers.swift */,
				8B0C3E81293A1CEC0098AFC1 /* FeedUIComposer.swift */,
				8B0C3E86293A1CEE0098AFC1 /* WeakRefVirtualProxy.swift */,
				8B0C3E82293A1CED0098AFC1 /* FeedImageDataLoaderPresentationAdapter.swift */,
				8B0C3E84293A1CED0098AFC1 /* FeedLoaderPresentationAdapter.swift */,
				8B0C3E85293A1CED0098AFC1 /* FeedViewAdapter.swift */,
				8B833F372930E92E0025BEE7 /* ViewController.swift */,
				8B833F3C2930E92F0025BEE7 /* Assets.xcassets */,
				8B833F3E2930E92F0025BEE7 /* LaunchScreen.storyboard */,
				8B833F412930E92F0025BEE7 /* Info.plist */,
			);
			path = EssentialApp;
			sourceTree = "<group>";
		};
		8B833F712930FBAC0025BEE7 /* Frameworks */ = {
			isa = PBXGroup;
			children = (
				8B833F722930FBAC0025BEE7 /* EssentialFeed.framework */,
				8B833F732930FBAC0025BEE7 /* EssentialFeediOS.framework */,
			);
			name = Frameworks;
			sourceTree = "<group>";
		};
		8B833F7E293114090025BEE7 /* EssentialAppTests */ = {
			isa = PBXGroup;
			children = (
				8B833F8E293265FF0025BEE7 /* Helpers */,
				8B0C3E73293A188B0098AFC1 /* SceneDelegateTests.swift */,
				8B0C3EA1293A1F420098AFC1 /* FeedAcceptanceTests.swift */,
				8B0C3E9F293A1D760098AFC1 /* FeedUIIntegrationTests.swift */,
			);
			path = EssentialAppTests;
			sourceTree = "<group>";
		};
		8B833F8E293265FF0025BEE7 /* Helpers */ = {
			isa = PBXGroup;
			children = (
				8B0C3E8E293A1D450098AFC1 /* UIImage+TestHelpers.swift */,
				8B0C3E91293A1D460098AFC1 /* UIRefreshControl+TestHelpers.swift */,
				8B0C3E93293A1D460098AFC1 /* UIButton+TestHelpers.swift */,
				8B0C3E8F293A1D450098AFC1 /* UIControl+TestHelpers.swift */,
				8B0C3E94293A1D470098AFC1 /* FeedViewController+TestHelpers.swift */,
				8B0C3E90293A1D460098AFC1 /* FeedImageCell+TestHelpers.swift */,
				8B0C3E8D293A1D450098AFC1 /* FeedViewControllerTests+LoaderSpy.swift */,
				8B0C3E95293A1D470098AFC1 /* FeedViewControllerTests+Assertions.swift */,
				8B0C3E92293A1D460098AFC1 /* FeedUIIntegrationTests+Localization.swift */,
				8B833F8F293266140025BEE7 /* XCTestCase+MemoryLeakTracking.swift */,
				8B2EDD6B2935043600C6A1A4 /* XCTestCase+FeedLoader.swift */,
				8B2EDD752936416600C6A1A4 /* XCTestCase+FeedImageDataLoader.swift */,
				8B833F912932669F0025BEE7 /* SharedTestHelpers.swift */,
				8B2EDD692935020B00C6A1A4 /* FeedLoaderStub.swift */,
				8B2EDD732936403200C6A1A4 /* FeedImageDataLoaderSpy.swift */,
				8B2DE945294756E3007B1811 /* HTTPClientStub.swift */,
				8B2DE94729475764007B1811 /* InMemoryFeedStore.swift */,
				8B2DE94E2948C859007B1811 /* UIWindowSpy.swift */,
			);
			path = Helpers;
			sourceTree = "<group>";
		};
/* End PBXGroup section */

/* Begin PBXNativeTarget section */
		8B833F2F2930E92E0025BEE7 /* EssentialApp */ = {
			isa = PBXNativeTarget;
			buildConfigurationList = 8B833F442930E92F0025BEE7 /* Build configuration list for PBXNativeTarget "EssentialApp" */;
			buildPhases = (
				8B833F2C2930E92E0025BEE7 /* Sources */,
				8B833F2D2930E92E0025BEE7 /* Frameworks */,
				8B833F2E2930E92E0025BEE7 /* Resources */,
				8B833F782930FBAC0025BEE7 /* Embed Frameworks */,
			);
			buildRules = (
			);
			dependencies = (
			);
			name = EssentialApp;
			productName = EssentialApp;
			productReference = 8B833F302930E92E0025BEE7 /* EssentialApp.app */;
			productType = "com.apple.product-type.application";
		};
		8B833F7C293114090025BEE7 /* EssentialAppTests */ = {
			isa = PBXNativeTarget;
			buildConfigurationList = 8B833F85293114090025BEE7 /* Build configuration list for PBXNativeTarget "EssentialAppTests" */;
			buildPhases = (
				8B833F79293114090025BEE7 /* Sources */,
				8B833F7A293114090025BEE7 /* Frameworks */,
				8B833F7B293114090025BEE7 /* Resources */,
			);
			buildRules = (
			);
			dependencies = (
				8B833F82293114090025BEE7 /* PBXTargetDependency */,
			);
			name = EssentialAppTests;
			productName = EssentialAppTests;
			productReference = 8B833F7D293114090025BEE7 /* EssentialAppTests.xctest */;
			productType = "com.apple.product-type.bundle.unit-test";
		};
/* End PBXNativeTarget section */

/* Begin PBXProject section */
		8B833F282930E92E0025BEE7 /* Project object */ = {
			isa = PBXProject;
			attributes = {
				BuildIndependentTargetsInParallel = 1;
				LastSwiftUpdateCheck = 1400;
				LastUpgradeCheck = 1400;
				TargetAttributes = {
					8B833F2F2930E92E0025BEE7 = {
						CreatedOnToolsVersion = 14.0.1;
					};
					8B833F7C293114090025BEE7 = {
						CreatedOnToolsVersion = 14.0.1;
						LastSwiftMigration = 1400;
						TestTargetID = 8B833F2F2930E92E0025BEE7;
					};
				};
			};
			buildConfigurationList = 8B833F2B2930E92E0025BEE7 /* Build configuration list for PBXProject "EssentialApp" */;
			compatibilityVersion = "Xcode 14.0";
			developmentRegion = en;
			hasScannedForEncodings = 0;
			knownRegions = (
				en,
				Base,
			);
			mainGroup = 8B833F272930E92E0025BEE7;
			productRefGroup = 8B833F312930E92E0025BEE7 /* Products */;
			projectDirPath = "";
			projectRoot = "";
			targets = (
				8B833F2F2930E92E0025BEE7 /* EssentialApp */,
				8B833F7C293114090025BEE7 /* EssentialAppTests */,
			);
		};
/* End PBXProject section */

/* Begin PBXResourcesBuildPhase section */
		8B833F2E2930E92E0025BEE7 /* Resources */ = {
			isa = PBXResourcesBuildPhase;
			buildActionMask = 2147483647;
			files = (
				8B833F402930E92F0025BEE7 /* LaunchScreen.storyboard in Resources */,
				8B833F3D2930E92F0025BEE7 /* Assets.xcassets in Resources */,
			);
			runOnlyForDeploymentPostprocessing = 0;
		};
		8B833F7B293114090025BEE7 /* Resources */ = {
			isa = PBXResourcesBuildPhase;
			buildActionMask = 2147483647;
			files = (
			);
			runOnlyForDeploymentPostprocessing = 0;
		};
/* End PBXResourcesBuildPhase section */

/* Begin PBXSourcesBuildPhase section */
		8B833F2C2930E92E0025BEE7 /* Sources */ = {
			isa = PBXSourcesBuildPhase;
			buildActionMask = 2147483647;
			files = (
				8B0C3E89293A1CEE0098AFC1 /* FeedLoaderPresentationAdapter.swift in Sources */,
				8B0C3E8A293A1CEE0098AFC1 /* FeedUIComposer.swift in Sources */,
				8B2DE953294B622F007B1811 /* CombineHelpers.swift in Sources */,
				8B833F382930E92E0025BEE7 /* ViewController.swift in Sources */,
				8B833F342930E92E0025BEE7 /* AppDelegate.swift in Sources */,
				8B0C3E88293A1CEE0098AFC1 /* FeedViewAdapter.swift in Sources */,
				8B833F362930E92E0025BEE7 /* SceneDelegate.swift in Sources */,
				8B0C3E87293A1CEE0098AFC1 /* FeedImageDataLoaderPresentationAdapter.swift in Sources */,
				8B0C3E8C293A1CEE0098AFC1 /* WeakRefVirtualProxy.swift in Sources */,
			);
			runOnlyForDeploymentPostprocessing = 0;
		};
		8B833F79293114090025BEE7 /* Sources */ = {
			isa = PBXSourcesBuildPhase;
			buildActionMask = 2147483647;
			files = (
				8B0C3E9A293A1D470098AFC1 /* FeedViewController+TestHelpers.swift in Sources */,
				8B833F922932669F0025BEE7 /* SharedTestHelpers.swift in Sources */,
				8B2EDD6C2935043600C6A1A4 /* XCTestCase+FeedLoader.swift in Sources */,
				8B0C3E9C293A1D470098AFC1 /* FeedViewControllerTests+LoaderSpy.swift in Sources */,
				8B0C3E9B293A1D470098AFC1 /* UIControl+TestHelpers.swift in Sources */,
				8B2EDD762936416600C6A1A4 /* XCTestCase+FeedImageDataLoader.swift in Sources */,
				8B0C3E97293A1D470098AFC1 /* FeedUIIntegrationTests+Localization.swift in Sources */,
				8B0C3E98293A1D470098AFC1 /* FeedImageCell+TestHelpers.swift in Sources */,
				8B0C3E74293A188B0098AFC1 /* SceneDelegateTests.swift in Sources */,
				8B2DE94829475764007B1811 /* InMemoryFeedStore.swift in Sources */,
				8B0C3E9E293A1D470098AFC1 /* FeedViewControllerTests+Assertions.swift in Sources */,
				8B2EDD742936403200C6A1A4 /* FeedImageDataLoaderSpy.swift in Sources */,
				8B2DE94F2948C859007B1811 /* UIWindowSpy.swift in Sources */,
				8B2DE946294756E3007B1811 /* HTTPClientStub.swift in Sources */,
				8B0C3E9D293A1D470098AFC1 /* UIRefreshControl+TestHelpers.swift in Sources */,
				8B0C3E99293A1D470098AFC1 /* UIButton+TestHelpers.swift in Sources */,
				8B2EDD6A2935020B00C6A1A4 /* FeedLoaderStub.swift in Sources */,
				8B0C3EA2293A1F420098AFC1 /* FeedAcceptanceTests.swift in Sources */,
				8B833F90293266140025BEE7 /* XCTestCase+MemoryLeakTracking.swift in Sources */,
				8B0C3EA0293A1D760098AFC1 /* FeedUIIntegrationTests.swift in Sources */,
				8B0C3E96293A1D470098AFC1 /* UIImage+TestHelpers.swift in Sources */,
			);
			runOnlyForDeploymentPostprocessing = 0;
		};
/* End PBXSourcesBuildPhase section */

/* Begin PBXTargetDependency section */
		8B833F82293114090025BEE7 /* PBXTargetDependency */ = {
			isa = PBXTargetDependency;
			target = 8B833F2F2930E92E0025BEE7 /* EssentialApp */;
			targetProxy = 8B833F81293114090025BEE7 /* PBXContainerItemProxy */;
		};
/* End PBXTargetDependency section */

/* Begin PBXVariantGroup section */
		8B833F3E2930E92F0025BEE7 /* LaunchScreen.storyboard */ = {
			isa = PBXVariantGroup;
			children = (
				8B833F3F2930E92F0025BEE7 /* Base */,
			);
			name = LaunchScreen.storyboard;
			sourceTree = "<group>";
		};
/* End PBXVariantGroup section */

/* Begin XCBuildConfiguration section */
		8B833F422930E92F0025BEE7 /* Debug */ = {
			isa = XCBuildConfiguration;
			buildSettings = {
				ALWAYS_SEARCH_USER_PATHS = NO;
				CLANG_ANALYZER_NONNULL = YES;
				CLANG_ANALYZER_NUMBER_OBJECT_CONVERSION = YES_AGGRESSIVE;
				CLANG_CXX_LANGUAGE_STANDARD = "gnu++20";
				CLANG_ENABLE_MODULES = YES;
				CLANG_ENABLE_OBJC_ARC = YES;
				CLANG_ENABLE_OBJC_WEAK = YES;
				CLANG_WARN_BLOCK_CAPTURE_AUTORELEASING = YES;
				CLANG_WARN_BOOL_CONVERSION = YES;
				CLANG_WARN_COMMA = YES;
				CLANG_WARN_CONSTANT_CONVERSION = YES;
				CLANG_WARN_DEPRECATED_OBJC_IMPLEMENTATIONS = YES;
				CLANG_WARN_DIRECT_OBJC_ISA_USAGE = YES_ERROR;
				CLANG_WARN_DOCUMENTATION_COMMENTS = YES;
				CLANG_WARN_EMPTY_BODY = YES;
				CLANG_WARN_ENUM_CONVERSION = YES;
				CLANG_WARN_INFINITE_RECURSION = YES;
				CLANG_WARN_INT_CONVERSION = YES;
				CLANG_WARN_NON_LITERAL_NULL_CONVERSION = YES;
				CLANG_WARN_OBJC_IMPLICIT_RETAIN_SELF = YES;
				CLANG_WARN_OBJC_LITERAL_CONVERSION = YES;
				CLANG_WARN_OBJC_ROOT_CLASS = YES_ERROR;
				CLANG_WARN_QUOTED_INCLUDE_IN_FRAMEWORK_HEADER = YES;
				CLANG_WARN_RANGE_LOOP_ANALYSIS = YES;
				CLANG_WARN_STRICT_PROTOTYPES = YES;
				CLANG_WARN_SUSPICIOUS_MOVE = YES;
				CLANG_WARN_UNGUARDED_AVAILABILITY = YES_AGGRESSIVE;
				CLANG_WARN_UNREACHABLE_CODE = YES;
				CLANG_WARN__DUPLICATE_METHOD_MATCH = YES;
				COPY_PHASE_STRIP = NO;
				DEBUG_INFORMATION_FORMAT = dwarf;
				ENABLE_STRICT_OBJC_MSGSEND = YES;
				ENABLE_TESTABILITY = YES;
				GCC_C_LANGUAGE_STANDARD = gnu11;
				GCC_DYNAMIC_NO_PIC = NO;
				GCC_NO_COMMON_BLOCKS = YES;
				GCC_OPTIMIZATION_LEVEL = 0;
				GCC_PREPROCESSOR_DEFINITIONS = (
					"DEBUG=1",
					"$(inherited)",
				);
				GCC_WARN_64_TO_32_BIT_CONVERSION = YES;
				GCC_WARN_ABOUT_RETURN_TYPE = YES_ERROR;
				GCC_WARN_UNDECLARED_SELECTOR = YES;
				GCC_WARN_UNINITIALIZED_AUTOS = YES_AGGRESSIVE;
				GCC_WARN_UNUSED_FUNCTION = YES;
				GCC_WARN_UNUSED_VARIABLE = YES;
				IPHONEOS_DEPLOYMENT_TARGET = 16.0;
				MTL_ENABLE_DEBUG_INFO = INCLUDE_SOURCE;
				MTL_FAST_MATH = YES;
				ONLY_ACTIVE_ARCH = YES;
				SDKROOT = iphoneos;
				SWIFT_ACTIVE_COMPILATION_CONDITIONS = DEBUG;
				SWIFT_OPTIMIZATION_LEVEL = "-Onone";
			};
			name = Debug;
		};
		8B833F432930E92F0025BEE7 /* Release */ = {
			isa = XCBuildConfiguration;
			buildSettings = {
				ALWAYS_SEARCH_USER_PATHS = NO;
				CLANG_ANALYZER_NONNULL = YES;
				CLANG_ANALYZER_NUMBER_OBJECT_CONVERSION = YES_AGGRESSIVE;
				CLANG_CXX_LANGUAGE_STANDARD = "gnu++20";
				CLANG_ENABLE_MODULES = YES;
				CLANG_ENABLE_OBJC_ARC = YES;
				CLANG_ENABLE_OBJC_WEAK = YES;
				CLANG_WARN_BLOCK_CAPTURE_AUTORELEASING = YES;
				CLANG_WARN_BOOL_CONVERSION = YES;
				CLANG_WARN_COMMA = YES;
				CLANG_WARN_CONSTANT_CONVERSION = YES;
				CLANG_WARN_DEPRECATED_OBJC_IMPLEMENTATIONS = YES;
				CLANG_WARN_DIRECT_OBJC_ISA_USAGE = YES_ERROR;
				CLANG_WARN_DOCUMENTATION_COMMENTS = YES;
				CLANG_WARN_EMPTY_BODY = YES;
				CLANG_WARN_ENUM_CONVERSION = YES;
				CLANG_WARN_INFINITE_RECURSION = YES;
				CLANG_WARN_INT_CONVERSION = YES;
				CLANG_WARN_NON_LITERAL_NULL_CONVERSION = YES;
				CLANG_WARN_OBJC_IMPLICIT_RETAIN_SELF = YES;
				CLANG_WARN_OBJC_LITERAL_CONVERSION = YES;
				CLANG_WARN_OBJC_ROOT_CLASS = YES_ERROR;
				CLANG_WARN_QUOTED_INCLUDE_IN_FRAMEWORK_HEADER = YES;
				CLANG_WARN_RANGE_LOOP_ANALYSIS = YES;
				CLANG_WARN_STRICT_PROTOTYPES = YES;
				CLANG_WARN_SUSPICIOUS_MOVE = YES;
				CLANG_WARN_UNGUARDED_AVAILABILITY = YES_AGGRESSIVE;
				CLANG_WARN_UNREACHABLE_CODE = YES;
				CLANG_WARN__DUPLICATE_METHOD_MATCH = YES;
				COPY_PHASE_STRIP = NO;
				DEBUG_INFORMATION_FORMAT = "dwarf-with-dsym";
				ENABLE_NS_ASSERTIONS = NO;
				ENABLE_STRICT_OBJC_MSGSEND = YES;
				GCC_C_LANGUAGE_STANDARD = gnu11;
				GCC_NO_COMMON_BLOCKS = YES;
				GCC_WARN_64_TO_32_BIT_CONVERSION = YES;
				GCC_WARN_ABOUT_RETURN_TYPE = YES_ERROR;
				GCC_WARN_UNDECLARED_SELECTOR = YES;
				GCC_WARN_UNINITIALIZED_AUTOS = YES_AGGRESSIVE;
				GCC_WARN_UNUSED_FUNCTION = YES;
				GCC_WARN_UNUSED_VARIABLE = YES;
				IPHONEOS_DEPLOYMENT_TARGET = 16.0;
				MTL_ENABLE_DEBUG_INFO = NO;
				MTL_FAST_MATH = YES;
				SDKROOT = iphoneos;
				SWIFT_COMPILATION_MODE = wholemodule;
				SWIFT_OPTIMIZATION_LEVEL = "-O";
				VALIDATE_PRODUCT = YES;
			};
			name = Release;
		};
		8B833F452930E92F0025BEE7 /* Debug */ = {
			isa = XCBuildConfiguration;
			buildSettings = {
				ASSETCATALOG_COMPILER_APPICON_NAME = AppIcon;
				ASSETCATALOG_COMPILER_GLOBAL_ACCENT_COLOR_NAME = AccentColor;
				CODE_SIGN_STYLE = Automatic;
				CURRENT_PROJECT_VERSION = 1;
				DEVELOPMENT_TEAM = RZ4YVSM7SC;
				GENERATE_INFOPLIST_FILE = YES;
				INFOPLIST_FILE = EssentialApp/Info.plist;
				INFOPLIST_KEY_UIApplicationSupportsIndirectInputEvents = YES;
				INFOPLIST_KEY_UILaunchStoryboardName = LaunchScreen;
				INFOPLIST_KEY_UIMainStoryboardFile = "";
				INFOPLIST_KEY_UISupportedInterfaceOrientations = UIInterfaceOrientationPortrait;
				LD_RUNPATH_SEARCH_PATHS = (
					"$(inherited)",
					"@executable_path/Frameworks",
				);
				MARKETING_VERSION = 1.0;
				PRODUCT_BUNDLE_IDENTIFIER = com.ak.sfod.EssentialApp;
				PRODUCT_NAME = "$(TARGET_NAME)";
				SWIFT_EMIT_LOC_STRINGS = YES;
				SWIFT_VERSION = 5.0;
				TARGETED_DEVICE_FAMILY = "1,2";
			};
			name = Debug;
		};
		8B833F462930E92F0025BEE7 /* Release */ = {
			isa = XCBuildConfiguration;
			buildSettings = {
				ASSETCATALOG_COMPILER_APPICON_NAME = AppIcon;
				ASSETCATALOG_COMPILER_GLOBAL_ACCENT_COLOR_NAME = AccentColor;
				CODE_SIGN_STYLE = Automatic;
				CURRENT_PROJECT_VERSION = 1;
				DEVELOPMENT_TEAM = RZ4YVSM7SC;
				GENERATE_INFOPLIST_FILE = YES;
				INFOPLIST_FILE = EssentialApp/Info.plist;
				INFOPLIST_KEY_UIApplicationSupportsIndirectInputEvents = YES;
				INFOPLIST_KEY_UILaunchStoryboardName = LaunchScreen;
				INFOPLIST_KEY_UIMainStoryboardFile = "";
				INFOPLIST_KEY_UISupportedInterfaceOrientations = UIInterfaceOrientationPortrait;
				LD_RUNPATH_SEARCH_PATHS = (
					"$(inherited)",
					"@executable_path/Frameworks",
				);
				MARKETING_VERSION = 1.0;
				PRODUCT_BUNDLE_IDENTIFIER = com.ak.sfod.EssentialApp;
				PRODUCT_NAME = "$(TARGET_NAME)";
				SWIFT_EMIT_LOC_STRINGS = YES;
				SWIFT_VERSION = 5.0;
				TARGETED_DEVICE_FAMILY = "1,2";
			};
			name = Release;
		};
		8B833F83293114090025BEE7 /* Debug */ = {
			isa = XCBuildConfiguration;
			buildSettings = {
				BUNDLE_LOADER = "$(TEST_HOST)";
				CLANG_ENABLE_MODULES = YES;
				CODE_SIGN_STYLE = Automatic;
				CURRENT_PROJECT_VERSION = 1;
				DEVELOPMENT_TEAM = RZ4YVSM7SC;
				GENERATE_INFOPLIST_FILE = YES;
				LD_RUNPATH_SEARCH_PATHS = (
					"$(inherited)",
					"@executable_path/Frameworks",
					"@loader_path/Frameworks",
				);
				MARKETING_VERSION = 1.0;
				PRODUCT_BUNDLE_IDENTIFIER = com.ak.sfod.EssentialAppTests;
				PRODUCT_NAME = "$(TARGET_NAME)";
				SWIFT_EMIT_LOC_STRINGS = NO;
				SWIFT_OPTIMIZATION_LEVEL = "-Onone";
				SWIFT_VERSION = 5.0;
				TARGETED_DEVICE_FAMILY = "1,2";
				TEST_HOST = "$(BUILT_PRODUCTS_DIR)/EssentialApp.app/$(BUNDLE_EXECUTABLE_FOLDER_PATH)/EssentialApp";
			};
			name = Debug;
		};
		8B833F84293114090025BEE7 /* Release */ = {
			isa = XCBuildConfiguration;
			buildSettings = {
				BUNDLE_LOADER = "$(TEST_HOST)";
				CLANG_ENABLE_MODULES = YES;
				CODE_SIGN_STYLE = Automatic;
				CURRENT_PROJECT_VERSION = 1;
				DEVELOPMENT_TEAM = RZ4YVSM7SC;
				GENERATE_INFOPLIST_FILE = YES;
				LD_RUNPATH_SEARCH_PATHS = (
					"$(inherited)",
					"@executable_path/Frameworks",
					"@loader_path/Frameworks",
				);
				MARKETING_VERSION = 1.0;
				PRODUCT_BUNDLE_IDENTIFIER = com.ak.sfod.EssentialAppTests;
				PRODUCT_NAME = "$(TARGET_NAME)";
				SWIFT_EMIT_LOC_STRINGS = NO;
				SWIFT_VERSION = 5.0;
				TARGETED_DEVICE_FAMILY = "1,2";
				TEST_HOST = "$(BUILT_PRODUCTS_DIR)/EssentialApp.app/$(BUNDLE_EXECUTABLE_FOLDER_PATH)/EssentialApp";
			};
			name = Release;
		};
/* End XCBuildConfiguration section */

/* Begin XCConfigurationList section */
		8B833F2B2930E92E0025BEE7 /* Build configuration list for PBXProject "EssentialApp" */ = {
			isa = XCConfigurationList;
			buildConfigurations = (
				8B833F422930E92F0025BEE7 /* Debug */,
				8B833F432930E92F0025BEE7 /* Release */,
			);
			defaultConfigurationIsVisible = 0;
			defaultConfigurationName = Release;
		};
		8B833F442930E92F0025BEE7 /* Build configuration list for PBXNativeTarget "EssentialApp" */ = {
			isa = XCConfigurationList;
			buildConfigurations = (
				8B833F452930E92F0025BEE7 /* Debug */,
				8B833F462930E92F0025BEE7 /* Release */,
			);
			defaultConfigurationIsVisible = 0;
			defaultConfigurationName = Release;
		};
		8B833F85293114090025BEE7 /* Build configuration list for PBXNativeTarget "EssentialAppTests" */ = {
			isa = XCConfigurationList;
			buildConfigurations = (
				8B833F83293114090025BEE7 /* Debug */,
				8B833F84293114090025BEE7 /* Release */,
			);
			defaultConfigurationIsVisible = 0;
			defaultConfigurationName = Release;
		};
/* End XCConfigurationList section */
	};
	rootObject = 8B833F282930E92E0025BEE7 /* Project object */;
}
